// !$*UTF8*$!
{
	archiveVersion = 1;
	classes = {
	};
	objectVersion = 77;
	objects = {

/* Begin PBXContainerItemProxy section */
		5654E4D62CF74E25004FE2B0 /* PBXContainerItemProxy */ = {
			isa = PBXContainerItemProxy;
			containerPortal = 5654E4BD2CF74E22004FE2B0 /* Project object */;
			proxyType = 1;
			remoteGlobalIDString = 5654E4C42CF74E22004FE2B0;
			remoteInfo = testbanuba;
		};
		5654E4E02CF74E25004FE2B0 /* PBXContainerItemProxy */ = {
			isa = PBXContainerItemProxy;
			containerPortal = 5654E4BD2CF74E22004FE2B0 /* Project object */;
			proxyType = 1;
			remoteGlobalIDString = 5654E4C42CF74E22004FE2B0;
			remoteInfo = testbanuba;
		};
/* End PBXContainerItemProxy section */

/* Begin PBXFileReference section */
		5654E4C52CF74E22004FE2B0 /* testbanuba.app */ = {isa = PBXFileReference; explicitFileType = wrapper.application; includeInIndex = 0; path = testbanuba.app; sourceTree = BUILT_PRODUCTS_DIR; };
		5654E4D52CF74E25004FE2B0 /* testbanubaTests.xctest */ = {isa = PBXFileReference; explicitFileType = wrapper.cfbundle; includeInIndex = 0; path = testbanubaTests.xctest; sourceTree = BUILT_PRODUCTS_DIR; };
		5654E4DF2CF74E25004FE2B0 /* testbanubaUITests.xctest */ = {isa = PBXFileReference; explicitFileType = wrapper.cfbundle; includeInIndex = 0; path = testbanubaUITests.xctest; sourceTree = BUILT_PRODUCTS_DIR; };
/* End PBXFileReference section */

/* Begin PBXFileSystemSynchronizedRootGroup section */
		5654E4C72CF74E22004FE2B0 /* testbanuba */ = {
			isa = PBXFileSystemSynchronizedRootGroup;
			path = testbanuba;
			sourceTree = "<group>";
		};
		5654E4D82CF74E25004FE2B0 /* testbanubaTests */ = {
			isa = PBXFileSystemSynchronizedRootGroup;
			path = testbanubaTests;
			sourceTree = "<group>";
		};
		5654E4E22CF74E25004FE2B0 /* testbanubaUITests */ = {
			isa = PBXFileSystemSynchronizedRootGroup;
			path = testbanubaUITests;
			sourceTree = "<group>";
		};
/* End PBXFileSystemSynchronizedRootGroup section */

/* Begin PBXFrameworksBuildPhase section */
		5654E4C22CF74E22004FE2B0 /* Frameworks */ = {
			isa = PBXFrameworksBuildPhase;
			buildActionMask = 2147483647;
			files = (
			);
			runOnlyForDeploymentPostprocessing = 0;
		};
		5654E4D22CF74E25004FE2B0 /* Frameworks */ = {
			isa = PBXFrameworksBuildPhase;
			buildActionMask = 2147483647;
			files = (
			);
			runOnlyForDeploymentPostprocessing = 0;
		};
		5654E4DC2CF74E25004FE2B0 /* Frameworks */ = {
			isa = PBXFrameworksBuildPhase;
			buildActionMask = 2147483647;
			files = (
			);
			runOnlyForDeploymentPostprocessing = 0;
		};
/* End PBXFrameworksBuildPhase section */

/* Begin PBXGroup section */
		5654E4BC2CF74E22004FE2B0 = {
			isa = PBXGroup;
			children = (
				5654E4C72CF74E22004FE2B0 /* testbanuba */,
				5654E4D82CF74E25004FE2B0 /* testbanubaTests */,
				5654E4E22CF74E25004FE2B0 /* testbanubaUITests */,
				5654E4C62CF74E22004FE2B0 /* Products */,
			);
			sourceTree = "<group>";
		};
		5654E4C62CF74E22004FE2B0 /* Products */ = {
			isa = PBXGroup;
			children = (
				5654E4C52CF74E22004FE2B0 /* testbanuba.app */,
				5654E4D52CF74E25004FE2B0 /* testbanubaTests.xctest */,
				5654E4DF2CF74E25004FE2B0 /* testbanubaUITests.xctest */,
			);
			name = Products;
			sourceTree = "<group>";
		};
/* End PBXGroup section */

/* Begin PBXNativeTarget section */
		5654E4C42CF74E22004FE2B0 /* testbanuba */ = {
			isa = PBXNativeTarget;
			buildConfigurationList = 5654E4E92CF74E25004FE2B0 /* Build configuration list for PBXNativeTarget "testbanuba" */;
			buildPhases = (
				5654E4C12CF74E22004FE2B0 /* Sources */,
				5654E4C22CF74E22004FE2B0 /* Frameworks */,
				5654E4C32CF74E22004FE2B0 /* Resources */,
			);
			buildRules = (
			);
			dependencies = (
			);
			fileSystemSynchronizedGroups = (
				5654E4C72CF74E22004FE2B0 /* testbanuba */,
			);
			name = testbanuba;
			packageProductDependencies = (
			);
			productName = testbanuba;
			productReference = 5654E4C52CF74E22004FE2B0 /* testbanuba.app */;
			productType = "com.apple.product-type.application";
		};
		5654E4D42CF74E25004FE2B0 /* testbanubaTests */ = {
			isa = PBXNativeTarget;
			buildConfigurationList = 5654E4EC2CF74E25004FE2B0 /* Build configuration list for PBXNativeTarget "testbanubaTests" */;
			buildPhases = (
				5654E4D12CF74E25004FE2B0 /* Sources */,
				5654E4D22CF74E25004FE2B0 /* Frameworks */,
				5654E4D32CF74E25004FE2B0 /* Resources */,
			);
			buildRules = (
			);
			dependencies = (
				5654E4D72CF74E25004FE2B0 /* PBXTargetDependency */,
			);
			fileSystemSynchronizedGroups = (
				5654E4D82CF74E25004FE2B0 /* testbanubaTests */,
			);
			name = testbanubaTests;
			packageProductDependencies = (
			);
			productName = testbanubaTests;
			productReference = 5654E4D52CF74E25004FE2B0 /* testbanubaTests.xctest */;
			productType = "com.apple.product-type.bundle.unit-test";
		};
		5654E4DE2CF74E25004FE2B0 /* testbanubaUITests */ = {
			isa = PBXNativeTarget;
			buildConfigurationList = 5654E4EF2CF74E25004FE2B0 /* Build configuration list for PBXNativeTarget "testbanubaUITests" */;
			buildPhases = (
				5654E4DB2CF74E25004FE2B0 /* Sources */,
				5654E4DC2CF74E25004FE2B0 /* Frameworks */,
				5654E4DD2CF74E25004FE2B0 /* Resources */,
			);
			buildRules = (
			);
			dependencies = (
				5654E4E12CF74E25004FE2B0 /* PBXTargetDependency */,
			);
			fileSystemSynchronizedGroups = (
				5654E4E22CF74E25004FE2B0 /* testbanubaUITests */,
			);
			name = testbanubaUITests;
			packageProductDependencies = (
			);
			productName = testbanubaUITests;
			productReference = 5654E4DF2CF74E25004FE2B0 /* testbanubaUITests.xctest */;
			productType = "com.apple.product-type.bundle.ui-testing";
		};
/* End PBXNativeTarget section */

/* Begin PBXProject section */
		5654E4BD2CF74E22004FE2B0 /* Project object */ = {
			isa = PBXProject;
			attributes = {
				BuildIndependentTargetsInParallel = 1;
				LastSwiftUpdateCheck = 1610;
				LastUpgradeCheck = 1610;
				TargetAttributes = {
					5654E4C42CF74E22004FE2B0 = {
						CreatedOnToolsVersion = 16.1;
					};
					5654E4D42CF74E25004FE2B0 = {
						CreatedOnToolsVersion = 16.1;
						TestTargetID = 5654E4C42CF74E22004FE2B0;
					};
					5654E4DE2CF74E25004FE2B0 = {
						CreatedOnToolsVersion = 16.1;
						TestTargetID = 5654E4C42CF74E22004FE2B0;
					};
				};
			};
			buildConfigurationList = 5654E4C02CF74E22004FE2B0 /* Build configuration list for PBXProject "testbanuba" */;
			developmentRegion = en;
			hasScannedForEncodings = 0;
			knownRegions = (
				en,
				Base,
			);
			mainGroup = 5654E4BC2CF74E22004FE2B0;
			minimizedProjectReferenceProxies = 1;
			packageReferences = (
				5654E4F62CF74FD5004FE2B0 /* XCRemoteSwiftPackageReference "BanubaSdk" */,
			);
			preferredProjectObjectVersion = 77;
			productRefGroup = 5654E4C62CF74E22004FE2B0 /* Products */;
			projectDirPath = "";
			projectRoot = "";
			targets = (
				5654E4C42CF74E22004FE2B0 /* testbanuba */,
				5654E4D42CF74E25004FE2B0 /* testbanubaTests */,
				5654E4DE2CF74E25004FE2B0 /* testbanubaUITests */,
			);
		};
/* End PBXProject section */

/* Begin PBXResourcesBuildPhase section */
		5654E4C32CF74E22004FE2B0 /* Resources */ = {
			isa = PBXResourcesBuildPhase;
			buildActionMask = 2147483647;
			files = (
			);
			runOnlyForDeploymentPostprocessing = 0;
		};
		5654E4D32CF74E25004FE2B0 /* Resources */ = {
			isa = PBXResourcesBuildPhase;
			buildActionMask = 2147483647;
			files = (
			);
			runOnlyForDeploymentPostprocessing = 0;
		};
		5654E4DD2CF74E25004FE2B0 /* Resources */ = {
			isa = PBXResourcesBuildPhase;
			buildActionMask = 2147483647;
			files = (
			);
			runOnlyForDeploymentPostprocessing = 0;
		};
/* End PBXResourcesBuildPhase section */

/* Begin PBXSourcesBuildPhase section */
		5654E4C12CF74E22004FE2B0 /* Sources */ = {
			isa = PBXSourcesBuildPhase;
			buildActionMask = 2147483647;
			files = (
			);
			runOnlyForDeploymentPostprocessing = 0;
		};
		5654E4D12CF74E25004FE2B0 /* Sources */ = {
			isa = PBXSourcesBuildPhase;
			buildActionMask = 2147483647;
			files = (
			);
			runOnlyForDeploymentPostprocessing = 0;
		};
		5654E4DB2CF74E25004FE2B0 /* Sources */ = {
			isa = PBXSourcesBuildPhase;
			buildActionMask = 2147483647;
			files = (
			);
			runOnlyForDeploymentPostprocessing = 0;
		};
/* End PBXSourcesBuildPhase section */

/* Begin PBXTargetDependency section */
		5654E4D72CF74E25004FE2B0 /* PBXTargetDependency */ = {
			isa = PBXTargetDependency;
			target = 5654E4C42CF74E22004FE2B0 /* testbanuba */;
			targetProxy = 5654E4D62CF74E25004FE2B0 /* PBXContainerItemProxy */;
		};
		5654E4E12CF74E25004FE2B0 /* PBXTargetDependency */ = {
			isa = PBXTargetDependency;
			target = 5654E4C42CF74E22004FE2B0 /* testbanuba */;
			targetProxy = 5654E4E02CF74E25004FE2B0 /* PBXContainerItemProxy */;
		};
/* End PBXTargetDependency section */

/* Begin XCBuildConfiguration section */
		5654E4E72CF74E25004FE2B0 /* Debug */ = {
			isa = XCBuildConfiguration;
			buildSettings = {
				ALWAYS_SEARCH_USER_PATHS = NO;
				ASSETCATALOG_COMPILER_GENERATE_SWIFT_ASSET_SYMBOL_EXTENSIONS = YES;
				CLANG_ANALYZER_NONNULL = YES;
				CLANG_ANALYZER_NUMBER_OBJECT_CONVERSION = YES_AGGRESSIVE;
				CLANG_CXX_LANGUAGE_STANDARD = "gnu++20";
				CLANG_ENABLE_MODULES = YES;
				CLANG_ENABLE_OBJC_ARC = YES;
				CLANG_ENABLE_OBJC_WEAK = YES;
				CLANG_WARN_BLOCK_CAPTURE_AUTORELEASING = YES;
				CLANG_WARN_BOOL_CONVERSION = YES;
				CLANG_WARN_COMMA = YES;
				CLANG_WARN_CONSTANT_CONVERSION = YES;
				CLANG_WARN_DEPRECATED_OBJC_IMPLEMENTATIONS = YES;
				CLANG_WARN_DIRECT_OBJC_ISA_USAGE = YES_ERROR;
				CLANG_WARN_DOCUMENTATION_COMMENTS = YES;
				CLANG_WARN_EMPTY_BODY = YES;
				CLANG_WARN_ENUM_CONVERSION = YES;
				CLANG_WARN_INFINITE_RECURSION = YES;
				CLANG_WARN_INT_CONVERSION = YES;
				CLANG_WARN_NON_LITERAL_NULL_CONVERSION = YES;
				CLANG_WARN_OBJC_IMPLICIT_RETAIN_SELF = YES;
				CLANG_WARN_OBJC_LITERAL_CONVERSION = YES;
				CLANG_WARN_OBJC_ROOT_CLASS = YES_ERROR;
				CLANG_WARN_QUOTED_INCLUDE_IN_FRAMEWORK_HEADER = YES;
				CLANG_WARN_RANGE_LOOP_ANALYSIS = YES;
				CLANG_WARN_STRICT_PROTOTYPES = YES;
				CLANG_WARN_SUSPICIOUS_MOVE = YES;
				CLANG_WARN_UNGUARDED_AVAILABILITY = YES_AGGRESSIVE;
				CLANG_WARN_UNREACHABLE_CODE = YES;
				CLANG_WARN__DUPLICATE_METHOD_MATCH = YES;
				COPY_PHASE_STRIP = NO;
				DEBUG_INFORMATION_FORMAT = dwarf;
				ENABLE_STRICT_OBJC_MSGSEND = YES;
				ENABLE_TESTABILITY = YES;
				ENABLE_USER_SCRIPT_SANDBOXING = YES;
				GCC_C_LANGUAGE_STANDARD = gnu17;
				GCC_DYNAMIC_NO_PIC = NO;
				GCC_NO_COMMON_BLOCKS = YES;
				GCC_OPTIMIZATION_LEVEL = 0;
				GCC_PREPROCESSOR_DEFINITIONS = (
					"DEBUG=1",
					"$(inherited)",
				);
				GCC_WARN_64_TO_32_BIT_CONVERSION = YES;
				GCC_WARN_ABOUT_RETURN_TYPE = YES_ERROR;
				GCC_WARN_UNDECLARED_SELECTOR = YES;
				GCC_WARN_UNINITIALIZED_AUTOS = YES_AGGRESSIVE;
				GCC_WARN_UNUSED_FUNCTION = YES;
				GCC_WARN_UNUSED_VARIABLE = YES;
				IPHONEOS_DEPLOYMENT_TARGET = 18.1;
				LOCALIZATION_PREFERS_STRING_CATALOGS = YES;
				MTL_ENABLE_DEBUG_INFO = INCLUDE_SOURCE;
				MTL_FAST_MATH = YES;
				ONLY_ACTIVE_ARCH = YES;
				SDKROOT = iphoneos;
				SWIFT_ACTIVE_COMPILATION_CONDITIONS = "DEBUG $(inherited)";
				SWIFT_OPTIMIZATION_LEVEL = "-Onone";
			};
			name = Debug;
		};
		5654E4E82CF74E25004FE2B0 /* Release */ = {
			isa = XCBuildConfiguration;
			buildSettings = {
				ALWAYS_SEARCH_USER_PATHS = NO;
				ASSETCATALOG_COMPILER_GENERATE_SWIFT_ASSET_SYMBOL_EXTENSIONS = YES;
				CLANG_ANALYZER_NONNULL = YES;
				CLANG_ANALYZER_NUMBER_OBJECT_CONVERSION = YES_AGGRESSIVE;
				CLANG_CXX_LANGUAGE_STANDARD = "gnu++20";
				CLANG_ENABLE_MODULES = YES;
				CLANG_ENABLE_OBJC_ARC = YES;
				CLANG_ENABLE_OBJC_WEAK = YES;
				CLANG_WARN_BLOCK_CAPTURE_AUTORELEASING = YES;
				CLANG_WARN_BOOL_CONVERSION = YES;
				CLANG_WARN_COMMA = YES;
				CLANG_WARN_CONSTANT_CONVERSION = YES;
				CLANG_WARN_DEPRECATED_OBJC_IMPLEMENTATIONS = YES;
				CLANG_WARN_DIRECT_OBJC_ISA_USAGE = YES_ERROR;
				CLANG_WARN_DOCUMENTATION_COMMENTS = YES;
				CLANG_WARN_EMPTY_BODY = YES;
				CLANG_WARN_ENUM_CONVERSION = YES;
				CLANG_WARN_INFINITE_RECURSION = YES;
				CLANG_WARN_INT_CONVERSION = YES;
				CLANG_WARN_NON_LITERAL_NULL_CONVERSION = YES;
				CLANG_WARN_OBJC_IMPLICIT_RETAIN_SELF = YES;
				CLANG_WARN_OBJC_LITERAL_CONVERSION = YES;
				CLANG_WARN_OBJC_ROOT_CLASS = YES_ERROR;
				CLANG_WARN_QUOTED_INCLUDE_IN_FRAMEWORK_HEADER = YES;
				CLANG_WARN_RANGE_LOOP_ANALYSIS = YES;
				CLANG_WARN_STRICT_PROTOTYPES = YES;
				CLANG_WARN_SUSPICIOUS_MOVE = YES;
				CLANG_WARN_UNGUARDED_AVAILABILITY = YES_AGGRESSIVE;
				CLANG_WARN_UNREACHABLE_CODE = YES;
				CLANG_WARN__DUPLICATE_METHOD_MATCH = YES;
				COPY_PHASE_STRIP = NO;
				DEBUG_INFORMATION_FORMAT = "dwarf-with-dsym";
				ENABLE_NS_ASSERTIONS = NO;
				ENABLE_STRICT_OBJC_MSGSEND = YES;
				ENABLE_USER_SCRIPT_SANDBOXING = YES;
				GCC_C_LANGUAGE_STANDARD = gnu17;
				GCC_NO_COMMON_BLOCKS = YES;
				GCC_WARN_64_TO_32_BIT_CONVERSION = YES;
				GCC_WARN_ABOUT_RETURN_TYPE = YES_ERROR;
				GCC_WARN_UNDECLARED_SELECTOR = YES;
				GCC_WARN_UNINITIALIZED_AUTOS = YES_AGGRESSIVE;
				GCC_WARN_UNUSED_FUNCTION = YES;
				GCC_WARN_UNUSED_VARIABLE = YES;
				IPHONEOS_DEPLOYMENT_TARGET = 18.1;
				LOCALIZATION_PREFERS_STRING_CATALOGS = YES;
				MTL_ENABLE_DEBUG_INFO = NO;
				MTL_FAST_MATH = YES;
				SDKROOT = iphoneos;
				SWIFT_COMPILATION_MODE = wholemodule;
				VALIDATE_PRODUCT = YES;
			};
			name = Release;
		};
		5654E4EA2CF74E25004FE2B0 /* Debug */ = {
			isa = XCBuildConfiguration;
			buildSettings = {
				ASSETCATALOG_COMPILER_APPICON_NAME = AppIcon;
				ASSETCATALOG_COMPILER_GLOBAL_ACCENT_COLOR_NAME = AccentColor;
				CODE_SIGN_STYLE = Automatic;
				CURRENT_PROJECT_VERSION = 1;
				DEVELOPMENT_ASSET_PATHS = "\"testbanuba/Preview Content\"";
				DEVELOPMENT_TEAM = GV77T825TG;
				ENABLE_PREVIEWS = YES;
				GENERATE_INFOPLIST_FILE = YES;
				INFOPLIST_KEY_UIApplicationSceneManifest_Generation = YES;
				INFOPLIST_KEY_UIApplicationSupportsIndirectInputEvents = YES;
				INFOPLIST_KEY_UILaunchScreen_Generation = YES;
				INFOPLIST_KEY_UISupportedInterfaceOrientations_iPad = "UIInterfaceOrientationPortrait UIInterfaceOrientationPortraitUpsideDown UIInterfaceOrientationLandscapeLeft UIInterfaceOrientationLandscapeRight";
				INFOPLIST_KEY_UISupportedInterfaceOrientations_iPhone = "UIInterfaceOrientationPortrait UIInterfaceOrientationLandscapeLeft UIInterfaceOrientationLandscapeRight";
				IPHONEOS_DEPLOYMENT_TARGET = 15.6;
				LD_RUNPATH_SEARCH_PATHS = (
					"$(inherited)",
					"@executable_path/Frameworks",
				);
				MARKETING_VERSION = 1.0;
				PRODUCT_BUNDLE_IDENTIFIER = com.aysemacam.testbanuba;
				PRODUCT_NAME = "$(TARGET_NAME)";
				SWIFT_EMIT_LOC_STRINGS = YES;
				SWIFT_VERSION = 5.0;
				TARGETED_DEVICE_FAMILY = "1,2";
			};
			name = Debug;
		};
		5654E4EB2CF74E25004FE2B0 /* Release */ = {
			isa = XCBuildConfiguration;
			buildSettings = {
				ASSETCATALOG_COMPILER_APPICON_NAME = AppIcon;
				ASSETCATALOG_COMPILER_GLOBAL_ACCENT_COLOR_NAME = AccentColor;
				CODE_SIGN_STYLE = Automatic;
				CURRENT_PROJECT_VERSION = 1;
				DEVELOPMENT_ASSET_PATHS = "\"testbanuba/Preview Content\"";
				DEVELOPMENT_TEAM = GV77T825TG;
				ENABLE_PREVIEWS = YES;
				GENERATE_INFOPLIST_FILE = YES;
				INFOPLIST_KEY_UIApplicationSceneManifest_Generation = YES;
				INFOPLIST_KEY_UIApplicationSupportsIndirectInputEvents = YES;
				INFOPLIST_KEY_UILaunchScreen_Generation = YES;
				INFOPLIST_KEY_UISupportedInterfaceOrientations_iPad = "UIInterfaceOrientationPortrait UIInterfaceOrientationPortraitUpsideDown UIInterfaceOrientationLandscapeLeft UIInterfaceOrientationLandscapeRight";
				INFOPLIST_KEY_UISupportedInterfaceOrientations_iPhone = "UIInterfaceOrientationPortrait UIInterfaceOrientationLandscapeLeft UIInterfaceOrientationLandscapeRight";
				IPHONEOS_DEPLOYMENT_TARGET = 15.6;
				LD_RUNPATH_SEARCH_PATHS = (
					"$(inherited)",
					"@executable_path/Frameworks",
				);
				MARKETING_VERSION = 1.0;
				PRODUCT_BUNDLE_IDENTIFIER = com.aysemacam.testbanuba;
				PRODUCT_NAME = "$(TARGET_NAME)";
				SWIFT_EMIT_LOC_STRINGS = YES;
				SWIFT_VERSION = 5.0;
				TARGETED_DEVICE_FAMILY = "1,2";
			};
			name = Release;
		};
		5654E4ED2CF74E25004FE2B0 /* Debug */ = {
			isa = XCBuildConfiguration;
			buildSettings = {
				BUNDLE_LOADER = "$(TEST_HOST)";
				CODE_SIGN_STYLE = Automatic;
				CURRENT_PROJECT_VERSION = 1;
				DEVELOPMENT_TEAM = ZHQ4442GZL;
				GENERATE_INFOPLIST_FILE = YES;
				IPHONEOS_DEPLOYMENT_TARGET = 18.1;
				MARKETING_VERSION = 1.0;
				PRODUCT_BUNDLE_IDENTIFIER = com.aysemacam.testbanubaTests;
				PRODUCT_NAME = "$(TARGET_NAME)";
				SWIFT_EMIT_LOC_STRINGS = NO;
				SWIFT_VERSION = 5.0;
				TARGETED_DEVICE_FAMILY = "1,2";
				TEST_HOST = "$(BUILT_PRODUCTS_DIR)/testbanuba.app/$(BUNDLE_EXECUTABLE_FOLDER_PATH)/testbanuba";
			};
			name = Debug;
		};
		5654E4EE2CF74E25004FE2B0 /* Release */ = {
			isa = XCBuildConfiguration;
			buildSettings = {
				BUNDLE_LOADER = "$(TEST_HOST)";
				CODE_SIGN_STYLE = Automatic;
				CURRENT_PROJECT_VERSION = 1;
				DEVELOPMENT_TEAM = ZHQ4442GZL;
				GENERATE_INFOPLIST_FILE = YES;
				IPHONEOS_DEPLOYMENT_TARGET = 18.1;
				MARKETING_VERSION = 1.0;
				PRODUCT_BUNDLE_IDENTIFIER = com.aysemacam.testbanubaTests;
				PRODUCT_NAME = "$(TARGET_NAME)";
				SWIFT_EMIT_LOC_STRINGS = NO;
				SWIFT_VERSION = 5.0;
				TARGETED_DEVICE_FAMILY = "1,2";
				TEST_HOST = "$(BUILT_PRODUCTS_DIR)/testbanuba.app/$(BUNDLE_EXECUTABLE_FOLDER_PATH)/testbanuba";
			};
			name = Release;
		};
		5654E4F02CF74E25004FE2B0 /* Debug */ = {
			isa = XCBuildConfiguration;
			buildSettings = {
				CODE_SIGN_STYLE = Automatic;
				CURRENT_PROJECT_VERSION = 1;
				DEVELOPMENT_TEAM = ZHQ4442GZL;
				GENERATE_INFOPLIST_FILE = YES;
				MARKETING_VERSION = 1.0;
				PRODUCT_BUNDLE_IDENTIFIER = com.aysemacam.testbanubaUITests;
				PRODUCT_NAME = "$(TARGET_NAME)";
				SWIFT_EMIT_LOC_STRINGS = NO;
				SWIFT_VERSION = 5.0;
				TARGETED_DEVICE_FAMILY = "1,2";
				TEST_TARGET_NAME = testbanuba;
			};
			name = Debug;
		};
		5654E4F12CF74E25004FE2B0 /* Release */ = {
			isa = XCBuildConfiguration;
			buildSettings = {
				CODE_SIGN_STYLE = Automatic;
				CURRENT_PROJECT_VERSION = 1;
				DEVELOPMENT_TEAM = ZHQ4442GZL;
				GENERATE_INFOPLIST_FILE = YES;
				MARKETING_VERSION = 1.0;
				PRODUCT_BUNDLE_IDENTIFIER = com.aysemacam.testbanubaUITests;
				PRODUCT_NAME = "$(TARGET_NAME)";
				SWIFT_EMIT_LOC_STRINGS = NO;
				SWIFT_VERSION = 5.0;
				TARGETED_DEVICE_FAMILY = "1,2";
				TEST_TARGET_NAME = testbanuba;
			};
			name = Release;
		};
/* End XCBuildConfiguration section */

/* Begin XCConfigurationList section */
		5654E4C02CF74E22004FE2B0 /* Build configuration list for PBXProject "testbanuba" */ = {
			isa = XCConfigurationList;
			buildConfigurations = (
				5654E4E72CF74E25004FE2B0 /* Debug */,
				5654E4E82CF74E25004FE2B0 /* Release */,
			);
			defaultConfigurationIsVisible = 0;
			defaultConfigurationName = Release;
		};
		5654E4E92CF74E25004FE2B0 /* Build configuration list for PBXNativeTarget "testbanuba" */ = {
			isa = XCConfigurationList;
			buildConfigurations = (
				5654E4EA2CF74E25004FE2B0 /* Debug */,
				5654E4EB2CF74E25004FE2B0 /* Release */,
			);
			defaultConfigurationIsVisible = 0;
			defaultConfigurationName = Release;
		};
		5654E4EC2CF74E25004FE2B0 /* Build configuration list for PBXNativeTarget "testbanubaTests" */ = {
			isa = XCConfigurationList;
			buildConfigurations = (
				5654E4ED2CF74E25004FE2B0 /* Debug */,
				5654E4EE2CF74E25004FE2B0 /* Release */,
			);
			defaultConfigurationIsVisible = 0;
			defaultConfigurationName = Release;
		};
		5654E4EF2CF74E25004FE2B0 /* Build configuration list for PBXNativeTarget "testbanubaUITests" */ = {
			isa = XCConfigurationList;
			buildConfigurations = (
				5654E4F02CF74E25004FE2B0 /* Debug */,
				5654E4F12CF74E25004FE2B0 /* Release */,
			);
			defaultConfigurationIsVisible = 0;
			defaultConfigurationName = Release;
		};
/* End XCConfigurationList section */

/* Begin XCRemoteSwiftPackageReference section */
		5654E4F62CF74FD5004FE2B0 /* XCRemoteSwiftPackageReference "BanubaSdk" */ = {
			isa = XCRemoteSwiftPackageReference;
			repositoryURL = "https://github.com/sdk-banuba/BanubaSdk";
			requirement = {
				kind = upToNextMajorVersion;
				minimumVersion = 1.16.0;
			};
		};
/* End XCRemoteSwiftPackageReference section */
	};
	rootObject = 5654E4BD2CF74E22004FE2B0 /* Project object */;
}
