// !$*UTF8*$!
{
	archiveVersion = 1;
	classes = {
	};
	objectVersion = 56;
	objects = {

/* Begin PBXBuildFile section */
		561D057D2C6207A700B82965 /* Meditation_swiftUIApp.swift in Sources */ = {isa = PBXBuildFile; fileRef = 561D057C2C6207A700B82965 /* Meditation_swiftUIApp.swift */; };
		561D057F2C6207A700B82965 /* ContentView.swift in Sources */ = {isa = PBXBuildFile; fileRef = 561D057E2C6207A700B82965 /* ContentView.swift */; };
		561D05812C6207A900B82965 /* Assets.xcassets in Resources */ = {isa = PBXBuildFile; fileRef = 561D05802C6207A900B82965 /* Assets.xcassets */; };
		561D05842C6207A900B82965 /* Preview Assets.xcassets in Resources */ = {isa = PBXBuildFile; fileRef = 561D05832C6207A900B82965 /* Preview Assets.xcassets */; };
		5630E3B02C620CA300299CE8 /* TopView.swift in Sources */ = {isa = PBXBuildFile; fileRef = 5630E3AF2C620CA300299CE8 /* TopView.swift */; };
		5630E3B22C620EEF00299CE8 /* SecondTopView.swift in Sources */ = {isa = PBXBuildFile; fileRef = 5630E3B12C620EEF00299CE8 /* SecondTopView.swift */; };
		5630E3B42C620F7900299CE8 /* TopPart.swift in Sources */ = {isa = PBXBuildFile; fileRef = 5630E3B32C620F7900299CE8 /* TopPart.swift */; };
		5630E3B62C62142E00299CE8 /* CategorySection.swift in Sources */ = {isa = PBXBuildFile; fileRef = 5630E3B52C62142E00299CE8 /* CategorySection.swift */; };
		5630E3BA2C625AA200299CE8 /* CtagoryDetail.swift in Sources */ = {isa = PBXBuildFile; fileRef = 5630E3B92C625AA200299CE8 /* CtagoryDetail.swift */; };
		5630E3D42C627BD800299CE8 /* Meditation.swift in Sources */ = {isa = PBXBuildFile; fileRef = 5630E3D32C627BD800299CE8 /* Meditation.swift */; };
		5630E3D62C627C9300299CE8 /* MeditationCell.swift in Sources */ = {isa = PBXBuildFile; fileRef = 5630E3D52C627C9300299CE8 /* MeditationCell.swift */; };
		5630E3D82C627CD700299CE8 /* MeditationCollectionView.swift in Sources */ = {isa = PBXBuildFile; fileRef = 5630E3D72C627CD700299CE8 /* MeditationCollectionView.swift */; };
		5630E3DA2C627E8800299CE8 /* CategoryCell.swift in Sources */ = {isa = PBXBuildFile; fileRef = 5630E3D92C627E8800299CE8 /* CategoryCell.swift */; };
		56D049D32C6377C900A89D69 /* DetailView.swift in Sources */ = {isa = PBXBuildFile; fileRef = 56D049D22C6377C900A89D69 /* DetailView.swift */; };
/* End PBXBuildFile section */

/* Begin PBXFileReference section */
		561D05792C6207A700B82965 /* Meditation_swiftUI.app */ = {isa = PBXFileReference; explicitFileType = wrapper.application; includeInIndex = 0; path = Meditation_swiftUI.app; sourceTree = BUILT_PRODUCTS_DIR; };
		561D057C2C6207A700B82965 /* Meditation_swiftUIApp.swift */ = {isa = PBXFileReference; lastKnownFileType = sourcecode.swift; path = Meditation_swiftUIApp.swift; sourceTree = "<group>"; };
		561D057E2C6207A700B82965 /* ContentView.swift */ = {isa = PBXFileReference; lastKnownFileType = sourcecode.swift; path = ContentView.swift; sourceTree = "<group>"; };
		561D05802C6207A900B82965 /* Assets.xcassets */ = {isa = PBXFileReference; lastKnownFileType = folder.assetcatalog; path = Assets.xcassets; sourceTree = "<group>"; };
		561D05832C6207A900B82965 /* Preview Assets.xcassets */ = {isa = PBXFileReference; lastKnownFileType = folder.assetcatalog; path = "Preview Assets.xcassets"; sourceTree = "<group>"; };
		5630E3AF2C620CA300299CE8 /* TopView.swift */ = {isa = PBXFileReference; lastKnownFileType = sourcecode.swift; path = TopView.swift; sourceTree = "<group>"; };
		5630E3B12C620EEF00299CE8 /* SecondTopView.swift */ = {isa = PBXFileReference; lastKnownFileType = sourcecode.swift; path = SecondTopView.swift; sourceTree = "<group>"; };
		5630E3B32C620F7900299CE8 /* TopPart.swift */ = {isa = PBXFileReference; lastKnownFileType = sourcecode.swift; path = TopPart.swift; sourceTree = "<group>"; };
		5630E3B52C62142E00299CE8 /* CategorySection.swift */ = {isa = PBXFileReference; lastKnownFileType = sourcecode.swift; path = CategorySection.swift; sourceTree = "<group>"; };
		5630E3B92C625AA200299CE8 /* CtagoryDetail.swift */ = {isa = PBXFileReference; lastKnownFileType = sourcecode.swift; path = CtagoryDetail.swift; sourceTree = "<group>"; };
		5630E3D32C627BD800299CE8 /* Meditation.swift */ = {isa = PBXFileReference; lastKnownFileType = sourcecode.swift; path = Meditation.swift; sourceTree = "<group>"; };
		5630E3D52C627C9300299CE8 /* MeditationCell.swift */ = {isa = PBXFileReference; lastKnownFileType = sourcecode.swift; path = MeditationCell.swift; sourceTree = "<group>"; };
		5630E3D72C627CD700299CE8 /* MeditationCollectionView.swift */ = {isa = PBXFileReference; lastKnownFileType = sourcecode.swift; path = MeditationCollectionView.swift; sourceTree = "<group>"; };
		5630E3D92C627E8800299CE8 /* CategoryCell.swift */ = {isa = PBXFileReference; lastKnownFileType = sourcecode.swift; path = CategoryCell.swift; sourceTree = "<group>"; };
		56D049D22C6377C900A89D69 /* DetailView.swift */ = {isa = PBXFileReference; lastKnownFileType = sourcecode.swift; path = DetailView.swift; sourceTree = "<group>"; };
/* End PBXFileReference section */

/* Begin PBXFrameworksBuildPhase section */
		561D05762C6207A700B82965 /* Frameworks */ = {
			isa = PBXFrameworksBuildPhase;
			buildActionMask = 2147483647;
			files = (
			);
			runOnlyForDeploymentPostprocessing = 0;
		};
/* End PBXFrameworksBuildPhase section */

/* Begin PBXGroup section */
		561D05702C6207A700B82965 = {
			isa = PBXGroup;
			children = (
				561D057B2C6207A700B82965 /* Meditation_swiftUI */,
				561D057A2C6207A700B82965 /* Products */,
			);
			sourceTree = "<group>";
		};
		561D057A2C6207A700B82965 /* Products */ = {
			isa = PBXGroup;
			children = (
				561D05792C6207A700B82965 /* Meditation_swiftUI.app */,
			);
			name = Products;
			sourceTree = "<group>";
		};
		561D057B2C6207A700B82965 /* Meditation_swiftUI */ = {
			isa = PBXGroup;
			children = (
				5630E3D22C627BBE00299CE8 /* Model */,
				5630E3AE2C620C8E00299CE8 /* Utilities */,
				561D057C2C6207A700B82965 /* Meditation_swiftUIApp.swift */,
				561D057E2C6207A700B82965 /* ContentView.swift */,
				561D05802C6207A900B82965 /* Assets.xcassets */,
				561D05822C6207A900B82965 /* Preview Content */,
			);
			path = Meditation_swiftUI;
			sourceTree = "<group>";
		};
		561D05822C6207A900B82965 /* Preview Content */ = {
			isa = PBXGroup;
			children = (
				561D05832C6207A900B82965 /* Preview Assets.xcassets */,
			);
			path = "Preview Content";
			sourceTree = "<group>";
		};
		5630E3AE2C620C8E00299CE8 /* Utilities */ = {
			isa = PBXGroup;
			children = (
				56D049D12C63778200A89D69 /* Detail */,
				56D049D02C63776F00A89D69 /* Main */,
			);
			path = Utilities;
			sourceTree = "<group>";
		};
		5630E3D22C627BBE00299CE8 /* Model */ = {
			isa = PBXGroup;
			children = (
				5630E3D32C627BD800299CE8 /* Meditation.swift */,
			);
			path = Model;
			sourceTree = "<group>";
		};
		56D049D02C63776F00A89D69 /* Main */ = {
			isa = PBXGroup;
			children = (
				5630E3AF2C620CA300299CE8 /* TopView.swift */,
				5630E3B12C620EEF00299CE8 /* SecondTopView.swift */,
				5630E3B32C620F7900299CE8 /* TopPart.swift */,
				5630E3B52C62142E00299CE8 /* CategorySection.swift */,
				5630E3B92C625AA200299CE8 /* CtagoryDetail.swift */,
				5630E3D52C627C9300299CE8 /* MeditationCell.swift */,
				5630E3D72C627CD700299CE8 /* MeditationCollectionView.swift */,
				5630E3D92C627E8800299CE8 /* CategoryCell.swift */,
			);
			path = Main;
			sourceTree = "<group>";
		};
		56D049D12C63778200A89D69 /* Detail */ = {
			isa = PBXGroup;
			children = (
				56D049D22C6377C900A89D69 /* DetailView.swift */,
			);
			path = Detail;
			sourceTree = "<group>";
		};
/* End PBXGroup section */

/* Begin PBXNativeTarget section */
		561D05782C6207A700B82965 /* Meditation_swiftUI */ = {
			isa = PBXNativeTarget;
			buildConfigurationList = 561D05872C6207A900B82965 /* Build configuration list for PBXNativeTarget "Meditation_swiftUI" */;
			buildPhases = (
				561D05752C6207A700B82965 /* Sources */,
				561D05762C6207A700B82965 /* Frameworks */,
				561D05772C6207A700B82965 /* Resources */,
			);
			buildRules = (
			);
			dependencies = (
			);
			name = Meditation_swiftUI;
			productName = Meditation_swiftUI;
			productReference = 561D05792C6207A700B82965 /* Meditation_swiftUI.app */;
			productType = "com.apple.product-type.application";
		};
/* End PBXNativeTarget section */

/* Begin PBXProject section */
		561D05712C6207A700B82965 /* Project object */ = {
			isa = PBXProject;
			attributes = {
				BuildIndependentTargetsInParallel = 1;
				LastSwiftUpdateCheck = 1540;
				LastUpgradeCheck = 1540;
				TargetAttributes = {
					561D05782C6207A700B82965 = {
						CreatedOnToolsVersion = 15.4;
					};
				};
			};
			buildConfigurationList = 561D05742C6207A700B82965 /* Build configuration list for PBXProject "Meditation_swiftUI" */;
			compatibilityVersion = "Xcode 14.0";
			developmentRegion = en;
			hasScannedForEncodings = 0;
			knownRegions = (
				en,
				Base,
			);
			mainGroup = 561D05702C6207A700B82965;
			productRefGroup = 561D057A2C6207A700B82965 /* Products */;
			projectDirPath = "";
			projectRoot = "";
			targets = (
				561D05782C6207A700B82965 /* Meditation_swiftUI */,
			);
		};
/* End PBXProject section */

/* Begin PBXResourcesBuildPhase section */
		561D05772C6207A700B82965 /* Resources */ = {
			isa = PBXResourcesBuildPhase;
			buildActionMask = 2147483647;
			files = (
				561D05842C6207A900B82965 /* Preview Assets.xcassets in Resources */,
				561D05812C6207A900B82965 /* Assets.xcassets in Resources */,
			);
			runOnlyForDeploymentPostprocessing = 0;
		};
/* End PBXResourcesBuildPhase section */

/* Begin PBXSourcesBuildPhase section */
		561D05752C6207A700B82965 /* Sources */ = {
			isa = PBXSourcesBuildPhase;
			buildActionMask = 2147483647;
			files = (
				5630E3D62C627C9300299CE8 /* MeditationCell.swift in Sources */,
				56D049D32C6377C900A89D69 /* DetailView.swift in Sources */,
				5630E3B22C620EEF00299CE8 /* SecondTopView.swift in Sources */,
				5630E3D42C627BD800299CE8 /* Meditation.swift in Sources */,
				5630E3BA2C625AA200299CE8 /* CtagoryDetail.swift in Sources */,
				5630E3B42C620F7900299CE8 /* TopPart.swift in Sources */,
				561D057F2C6207A700B82965 /* ContentView.swift in Sources */,
				5630E3B62C62142E00299CE8 /* CategorySection.swift in Sources */,
				5630E3B02C620CA300299CE8 /* TopView.swift in Sources */,
				5630E3D82C627CD700299CE8 /* MeditationCollectionView.swift in Sources */,
				561D057D2C6207A700B82965 /* Meditation_swiftUIApp.swift in Sources */,
				5630E3DA2C627E8800299CE8 /* CategoryCell.swift in Sources */,
			);
			runOnlyForDeploymentPostprocessing = 0;
		};
/* End PBXSourcesBuildPhase section */

/* Begin XCBuildConfiguration section */
		561D05852C6207A900B82965 /* Debug */ = {
			isa = XCBuildConfiguration;
			buildSettings = {
				ALWAYS_SEARCH_USER_PATHS = NO;
				ASSETCATALOG_COMPILER_GENERATE_SWIFT_ASSET_SYMBOL_EXTENSIONS = YES;
				CLANG_ANALYZER_NONNULL = YES;
				CLANG_ANALYZER_NUMBER_OBJECT_CONVERSION = YES_AGGRESSIVE;
				CLANG_CXX_LANGUAGE_STANDARD = "gnu++20";
				CLANG_ENABLE_MODULES = YES;
				CLANG_ENABLE_OBJC_ARC = YES;
				CLANG_ENABLE_OBJC_WEAK = YES;
				CLANG_WARN_BLOCK_CAPTURE_AUTORELEASING = YES;
				CLANG_WARN_BOOL_CONVERSION = YES;
				CLANG_WARN_COMMA = YES;
				CLANG_WARN_CONSTANT_CONVERSION = YES;
				CLANG_WARN_DEPRECATED_OBJC_IMPLEMENTATIONS = YES;
				CLANG_WARN_DIRECT_OBJC_ISA_USAGE = YES_ERROR;
				CLANG_WARN_DOCUMENTATION_COMMENTS = YES;
				CLANG_WARN_EMPTY_BODY = YES;
				CLANG_WARN_ENUM_CONVERSION = YES;
				CLANG_WARN_INFINITE_RECURSION = YES;
				CLANG_WARN_INT_CONVERSION = YES;
				CLANG_WARN_NON_LITERAL_NULL_CONVERSION = YES;
				CLANG_WARN_OBJC_IMPLICIT_RETAIN_SELF = YES;
				CLANG_WARN_OBJC_LITERAL_CONVERSION = YES;
				CLANG_WARN_OBJC_ROOT_CLASS = YES_ERROR;
				CLANG_WARN_QUOTED_INCLUDE_IN_FRAMEWORK_HEADER = YES;
				CLANG_WARN_RANGE_LOOP_ANALYSIS = YES;
				CLANG_WARN_STRICT_PROTOTYPES = YES;
				CLANG_WARN_SUSPICIOUS_MOVE = YES;
				CLANG_WARN_UNGUARDED_AVAILABILITY = YES_AGGRESSIVE;
				CLANG_WARN_UNREACHABLE_CODE = YES;
				CLANG_WARN__DUPLICATE_METHOD_MATCH = YES;
				COPY_PHASE_STRIP = NO;
				DEBUG_INFORMATION_FORMAT = dwarf;
				ENABLE_STRICT_OBJC_MSGSEND = YES;
				ENABLE_TESTABILITY = YES;
				ENABLE_USER_SCRIPT_SANDBOXING = YES;
				GCC_C_LANGUAGE_STANDARD = gnu17;
				GCC_DYNAMIC_NO_PIC = NO;
				GCC_NO_COMMON_BLOCKS = YES;
				GCC_OPTIMIZATION_LEVEL = 0;
				GCC_PREPROCESSOR_DEFINITIONS = (
					"DEBUG=1",
					"$(inherited)",
				);
				GCC_WARN_64_TO_32_BIT_CONVERSION = YES;
				GCC_WARN_ABOUT_RETURN_TYPE = YES_ERROR;
				GCC_WARN_UNDECLARED_SELECTOR = YES;
				GCC_WARN_UNINITIALIZED_AUTOS = YES_AGGRESSIVE;
				GCC_WARN_UNUSED_FUNCTION = YES;
				GCC_WARN_UNUSED_VARIABLE = YES;
				IPHONEOS_DEPLOYMENT_TARGET = 17.5;
				LOCALIZATION_PREFERS_STRING_CATALOGS = YES;
				MTL_ENABLE_DEBUG_INFO = INCLUDE_SOURCE;
				MTL_FAST_MATH = YES;
				ONLY_ACTIVE_ARCH = YES;
				SDKROOT = iphoneos;
				SWIFT_ACTIVE_COMPILATION_CONDITIONS = "DEBUG $(inherited)";
				SWIFT_OPTIMIZATION_LEVEL = "-Onone";
			};
			name = Debug;
		};
		561D05862C6207A900B82965 /* Release */ = {
			isa = XCBuildConfiguration;
			buildSettings = {
				ALWAYS_SEARCH_USER_PATHS = NO;
				ASSETCATALOG_COMPILER_GENERATE_SWIFT_ASSET_SYMBOL_EXTENSIONS = YES;
				CLANG_ANALYZER_NONNULL = YES;
				CLANG_ANALYZER_NUMBER_OBJECT_CONVERSION = YES_AGGRESSIVE;
				CLANG_CXX_LANGUAGE_STANDARD = "gnu++20";
				CLANG_ENABLE_MODULES = YES;
				CLANG_ENABLE_OBJC_ARC = YES;
				CLANG_ENABLE_OBJC_WEAK = YES;
				CLANG_WARN_BLOCK_CAPTURE_AUTORELEASING = YES;
				CLANG_WARN_BOOL_CONVERSION = YES;
				CLANG_WARN_COMMA = YES;
				CLANG_WARN_CONSTANT_CONVERSION = YES;
				CLANG_WARN_DEPRECATED_OBJC_IMPLEMENTATIONS = YES;
				CLANG_WARN_DIRECT_OBJC_ISA_USAGE = YES_ERROR;
				CLANG_WARN_DOCUMENTATION_COMMENTS = YES;
				CLANG_WARN_EMPTY_BODY = YES;
				CLANG_WARN_ENUM_CONVERSION = YES;
				CLANG_WARN_INFINITE_RECURSION = YES;
				CLANG_WARN_INT_CONVERSION = YES;
				CLANG_WARN_NON_LITERAL_NULL_CONVERSION = YES;
				CLANG_WARN_OBJC_IMPLICIT_RETAIN_SELF = YES;
				CLANG_WARN_OBJC_LITERAL_CONVERSION = YES;
				CLANG_WARN_OBJC_ROOT_CLASS = YES_ERROR;
				CLANG_WARN_QUOTED_INCLUDE_IN_FRAMEWORK_HEADER = YES;
				CLANG_WARN_RANGE_LOOP_ANALYSIS = YES;
				CLANG_WARN_STRICT_PROTOTYPES = YES;
				CLANG_WARN_SUSPICIOUS_MOVE = YES;
				CLANG_WARN_UNGUARDED_AVAILABILITY = YES_AGGRESSIVE;
				CLANG_WARN_UNREACHABLE_CODE = YES;
				CLANG_WARN__DUPLICATE_METHOD_MATCH = YES;
				COPY_PHASE_STRIP = NO;
				DEBUG_INFORMATION_FORMAT = "dwarf-with-dsym";
				ENABLE_NS_ASSERTIONS = NO;
				ENABLE_STRICT_OBJC_MSGSEND = YES;
				ENABLE_USER_SCRIPT_SANDBOXING = YES;
				GCC_C_LANGUAGE_STANDARD = gnu17;
				GCC_NO_COMMON_BLOCKS = YES;
				GCC_WARN_64_TO_32_BIT_CONVERSION = YES;
				GCC_WARN_ABOUT_RETURN_TYPE = YES_ERROR;
				GCC_WARN_UNDECLARED_SELECTOR = YES;
				GCC_WARN_UNINITIALIZED_AUTOS = YES_AGGRESSIVE;
				GCC_WARN_UNUSED_FUNCTION = YES;
				GCC_WARN_UNUSED_VARIABLE = YES;
				IPHONEOS_DEPLOYMENT_TARGET = 17.5;
				LOCALIZATION_PREFERS_STRING_CATALOGS = YES;
				MTL_ENABLE_DEBUG_INFO = NO;
				MTL_FAST_MATH = YES;
				SDKROOT = iphoneos;
				SWIFT_COMPILATION_MODE = wholemodule;
				VALIDATE_PRODUCT = YES;
			};
			name = Release;
		};
		561D05882C6207A900B82965 /* Debug */ = {
			isa = XCBuildConfiguration;
			buildSettings = {
				ASSETCATALOG_COMPILER_APPICON_NAME = AppIcon;
				ASSETCATALOG_COMPILER_GLOBAL_ACCENT_COLOR_NAME = AccentColor;
				CODE_SIGN_STYLE = Automatic;
				CURRENT_PROJECT_VERSION = 1;
				DEVELOPMENT_ASSET_PATHS = "\"Meditation_swiftUI/Preview Content\"";
				DEVELOPMENT_TEAM = ZHQ4442GZL;
				ENABLE_PREVIEWS = YES;
				GENERATE_INFOPLIST_FILE = YES;
				INFOPLIST_KEY_UIApplicationSceneManifest_Generation = YES;
				INFOPLIST_KEY_UIApplicationSupportsIndirectInputEvents = YES;
				INFOPLIST_KEY_UILaunchScreen_Generation = YES;
				INFOPLIST_KEY_UISupportedInterfaceOrientations_iPad = "UIInterfaceOrientationPortrait UIInterfaceOrientationPortraitUpsideDown UIInterfaceOrientationLandscapeLeft UIInterfaceOrientationLandscapeRight";
				INFOPLIST_KEY_UISupportedInterfaceOrientations_iPhone = "UIInterfaceOrientationPortrait UIInterfaceOrientationLandscapeLeft UIInterfaceOrientationLandscapeRight";
				LD_RUNPATH_SEARCH_PATHS = (
					"$(inherited)",
					"@executable_path/Frameworks",
				);
				MARKETING_VERSION = 1.0;
				PRODUCT_BUNDLE_IDENTIFIER = "com.aysemacam.Meditation-swiftUI";
				PRODUCT_NAME = "$(TARGET_NAME)";
				SWIFT_EMIT_LOC_STRINGS = YES;
				SWIFT_VERSION = 5.0;
				TARGETED_DEVICE_FAMILY = "1,2";
			};
			name = Debug;
		};
		561D05892C6207A900B82965 /* Release */ = {
			isa = XCBuildConfiguration;
			buildSettings = {
				ASSETCATALOG_COMPILER_APPICON_NAME = AppIcon;
				ASSETCATALOG_COMPILER_GLOBAL_ACCENT_COLOR_NAME = AccentColor;
				CODE_SIGN_STYLE = Automatic;
				CURRENT_PROJECT_VERSION = 1;
				DEVELOPMENT_ASSET_PATHS = "\"Meditation_swiftUI/Preview Content\"";
				DEVELOPMENT_TEAM = ZHQ4442GZL;
				ENABLE_PREVIEWS = YES;
				GENERATE_INFOPLIST_FILE = YES;
				INFOPLIST_KEY_UIApplicationSceneManifest_Generation = YES;
				INFOPLIST_KEY_UIApplicationSupportsIndirectInputEvents = YES;
				INFOPLIST_KEY_UILaunchScreen_Generation = YES;
				INFOPLIST_KEY_UISupportedInterfaceOrientations_iPad = "UIInterfaceOrientationPortrait UIInterfaceOrientationPortraitUpsideDown UIInterfaceOrientationLandscapeLeft UIInterfaceOrientationLandscapeRight";
				INFOPLIST_KEY_UISupportedInterfaceOrientations_iPhone = "UIInterfaceOrientationPortrait UIInterfaceOrientationLandscapeLeft UIInterfaceOrientationLandscapeRight";
				LD_RUNPATH_SEARCH_PATHS = (
					"$(inherited)",
					"@executable_path/Frameworks",
				);
				MARKETING_VERSION = 1.0;
				PRODUCT_BUNDLE_IDENTIFIER = "com.aysemacam.Meditation-swiftUI";
				PRODUCT_NAME = "$(TARGET_NAME)";
				SWIFT_EMIT_LOC_STRINGS = YES;
				SWIFT_VERSION = 5.0;
				TARGETED_DEVICE_FAMILY = "1,2";
			};
			name = Release;
		};
/* End XCBuildConfiguration section */

/* Begin XCConfigurationList section */
		561D05742C6207A700B82965 /* Build configuration list for PBXProject "Meditation_swiftUI" */ = {
			isa = XCConfigurationList;
			buildConfigurations = (
				561D05852C6207A900B82965 /* Debug */,
				561D05862C6207A900B82965 /* Release */,
			);
			defaultConfigurationIsVisible = 0;
			defaultConfigurationName = Release;
		};
		561D05872C6207A900B82965 /* Build configuration list for PBXNativeTarget "Meditation_swiftUI" */ = {
			isa = XCConfigurationList;
			buildConfigurations = (
				561D05882C6207A900B82965 /* Debug */,
				561D05892C6207A900B82965 /* Release */,
			);
			defaultConfigurationIsVisible = 0;
			defaultConfigurationName = Release;
		};
/* End XCConfigurationList section */
	};
	rootObject = 561D05712C6207A700B82965 /* Project object */;
}
