// !$*UTF8*$!
{
	archiveVersion = 1;
	classes = {
	};
	objectVersion = 77;
	objects = {

/* Begin PBXContainerItemProxy section */
		56CD473A2D0B07D900222C6E /* PBXContainerItemProxy */ = {
			isa = PBXContainerItemProxy;
			containerPortal = 56CD47212D0B07D400222C6E /* Project object */;
			proxyType = 1;
			remoteGlobalIDString = 56CD47282D0B07D400222C6E;
			remoteInfo = dribble_effect_test;
		};
		56CD47442D0B07D900222C6E /* PBXContainerItemProxy */ = {
			isa = PBXContainerItemProxy;
			containerPortal = 56CD47212D0B07D400222C6E /* Project object */;
			proxyType = 1;
			remoteGlobalIDString = 56CD47282D0B07D400222C6E;
			remoteInfo = dribble_effect_test;
		};
/* End PBXContainerItemProxy section */

/* Begin PBXFileReference section */
		56CD47292D0B07D400222C6E /* dribble_effect_test.app */ = {isa = PBXFileReference; explicitFileType = wrapper.application; includeInIndex = 0; path = dribble_effect_test.app; sourceTree = BUILT_PRODUCTS_DIR; };
		56CD47392D0B07D900222C6E /* dribble_effect_testTests.xctest */ = {isa = PBXFileReference; explicitFileType = wrapper.cfbundle; includeInIndex = 0; path = dribble_effect_testTests.xctest; sourceTree = BUILT_PRODUCTS_DIR; };
		56CD47432D0B07D900222C6E /* dribble_effect_testUITests.xctest */ = {isa = PBXFileReference; explicitFileType = wrapper.cfbundle; includeInIndex = 0; path = dribble_effect_testUITests.xctest; sourceTree = BUILT_PRODUCTS_DIR; };
/* End PBXFileReference section */

/* Begin PBXFileSystemSynchronizedRootGroup section */
		56CD472B2D0B07D400222C6E /* dribble_effect_test */ = {
			isa = PBXFileSystemSynchronizedRootGroup;
			path = dribble_effect_test;
			sourceTree = "<group>";
		};
		56CD473C2D0B07D900222C6E /* dribble_effect_testTests */ = {
			isa = PBXFileSystemSynchronizedRootGroup;
			path = dribble_effect_testTests;
			sourceTree = "<group>";
		};
		56CD47462D0B07D900222C6E /* dribble_effect_testUITests */ = {
			isa = PBXFileSystemSynchronizedRootGroup;
			path = dribble_effect_testUITests;
			sourceTree = "<group>";
		};
/* End PBXFileSystemSynchronizedRootGroup section */

/* Begin PBXFrameworksBuildPhase section */
		56CD47262D0B07D400222C6E /* Frameworks */ = {
			isa = PBXFrameworksBuildPhase;
			buildActionMask = 2147483647;
			files = (
			);
			runOnlyForDeploymentPostprocessing = 0;
		};
		56CD47362D0B07D900222C6E /* Frameworks */ = {
			isa = PBXFrameworksBuildPhase;
			buildActionMask = 2147483647;
			files = (
			);
			runOnlyForDeploymentPostprocessing = 0;
		};
		56CD47402D0B07D900222C6E /* Frameworks */ = {
			isa = PBXFrameworksBuildPhase;
			buildActionMask = 2147483647;
			files = (
			);
			runOnlyForDeploymentPostprocessing = 0;
		};
/* End PBXFrameworksBuildPhase section */

/* Begin PBXGroup section */
		56CD47202D0B07D400222C6E = {
			isa = PBXGroup;
			children = (
				56CD472B2D0B07D400222C6E /* dribble_effect_test */,
				56CD473C2D0B07D900222C6E /* dribble_effect_testTests */,
				56CD47462D0B07D900222C6E /* dribble_effect_testUITests */,
				56CD472A2D0B07D400222C6E /* Products */,
			);
			sourceTree = "<group>";
		};
		56CD472A2D0B07D400222C6E /* Products */ = {
			isa = PBXGroup;
			children = (
				56CD47292D0B07D400222C6E /* dribble_effect_test.app */,
				56CD47392D0B07D900222C6E /* dribble_effect_testTests.xctest */,
				56CD47432D0B07D900222C6E /* dribble_effect_testUITests.xctest */,
			);
			name = Products;
			sourceTree = "<group>";
		};
/* End PBXGroup section */

/* Begin PBXNativeTarget section */
		56CD47282D0B07D400222C6E /* dribble_effect_test */ = {
			isa = PBXNativeTarget;
			buildConfigurationList = 56CD474D2D0B07D900222C6E /* Build configuration list for PBXNativeTarget "dribble_effect_test" */;
			buildPhases = (
				56CD47252D0B07D400222C6E /* Sources */,
				56CD47262D0B07D400222C6E /* Frameworks */,
				56CD47272D0B07D400222C6E /* Resources */,
			);
			buildRules = (
			);
			dependencies = (
			);
			fileSystemSynchronizedGroups = (
				56CD472B2D0B07D400222C6E /* dribble_effect_test */,
			);
			name = dribble_effect_test;
			packageProductDependencies = (
			);
			productName = dribble_effect_test;
			productReference = 56CD47292D0B07D400222C6E /* dribble_effect_test.app */;
			productType = "com.apple.product-type.application";
		};
		56CD47382D0B07D900222C6E /* dribble_effect_testTests */ = {
			isa = PBXNativeTarget;
			buildConfigurationList = 56CD47502D0B07D900222C6E /* Build configuration list for PBXNativeTarget "dribble_effect_testTests" */;
			buildPhases = (
				56CD47352D0B07D900222C6E /* Sources */,
				56CD47362D0B07D900222C6E /* Frameworks */,
				56CD47372D0B07D900222C6E /* Resources */,
			);
			buildRules = (
			);
			dependencies = (
				56CD473B2D0B07D900222C6E /* PBXTargetDependency */,
			);
			fileSystemSynchronizedGroups = (
				56CD473C2D0B07D900222C6E /* dribble_effect_testTests */,
			);
			name = dribble_effect_testTests;
			packageProductDependencies = (
			);
			productName = dribble_effect_testTests;
			productReference = 56CD47392D0B07D900222C6E /* dribble_effect_testTests.xctest */;
			productType = "com.apple.product-type.bundle.unit-test";
		};
		56CD47422D0B07D900222C6E /* dribble_effect_testUITests */ = {
			isa = PBXNativeTarget;
			buildConfigurationList = 56CD47532D0B07D900222C6E /* Build configuration list for PBXNativeTarget "dribble_effect_testUITests" */;
			buildPhases = (
				56CD473F2D0B07D900222C6E /* Sources */,
				56CD47402D0B07D900222C6E /* Frameworks */,
				56CD47412D0B07D900222C6E /* Resources */,
			);
			buildRules = (
			);
			dependencies = (
				56CD47452D0B07D900222C6E /* PBXTargetDependency */,
			);
			fileSystemSynchronizedGroups = (
				56CD47462D0B07D900222C6E /* dribble_effect_testUITests */,
			);
			name = dribble_effect_testUITests;
			packageProductDependencies = (
			);
			productName = dribble_effect_testUITests;
			productReference = 56CD47432D0B07D900222C6E /* dribble_effect_testUITests.xctest */;
			productType = "com.apple.product-type.bundle.ui-testing";
		};
/* End PBXNativeTarget section */

/* Begin PBXProject section */
		56CD47212D0B07D400222C6E /* Project object */ = {
			isa = PBXProject;
			attributes = {
				BuildIndependentTargetsInParallel = 1;
				LastSwiftUpdateCheck = 1610;
				LastUpgradeCheck = 1610;
				TargetAttributes = {
					56CD47282D0B07D400222C6E = {
						CreatedOnToolsVersion = 16.1;
					};
					56CD47382D0B07D900222C6E = {
						CreatedOnToolsVersion = 16.1;
						TestTargetID = 56CD47282D0B07D400222C6E;
					};
					56CD47422D0B07D900222C6E = {
						CreatedOnToolsVersion = 16.1;
						TestTargetID = 56CD47282D0B07D400222C6E;
					};
				};
			};
			buildConfigurationList = 56CD47242D0B07D400222C6E /* Build configuration list for PBXProject "dribble_effect_test" */;
			developmentRegion = en;
			hasScannedForEncodings = 0;
			knownRegions = (
				en,
				Base,
			);
			mainGroup = 56CD47202D0B07D400222C6E;
			minimizedProjectReferenceProxies = 1;
			preferredProjectObjectVersion = 77;
			productRefGroup = 56CD472A2D0B07D400222C6E /* Products */;
			projectDirPath = "";
			projectRoot = "";
			targets = (
				56CD47282D0B07D400222C6E /* dribble_effect_test */,
				56CD47382D0B07D900222C6E /* dribble_effect_testTests */,
				56CD47422D0B07D900222C6E /* dribble_effect_testUITests */,
			);
		};
/* End PBXProject section */

/* Begin PBXResourcesBuildPhase section */
		56CD47272D0B07D400222C6E /* Resources */ = {
			isa = PBXResourcesBuildPhase;
			buildActionMask = 2147483647;
			files = (
			);
			runOnlyForDeploymentPostprocessing = 0;
		};
		56CD47372D0B07D900222C6E /* Resources */ = {
			isa = PBXResourcesBuildPhase;
			buildActionMask = 2147483647;
			files = (
			);
			runOnlyForDeploymentPostprocessing = 0;
		};
		56CD47412D0B07D900222C6E /* Resources */ = {
			isa = PBXResourcesBuildPhase;
			buildActionMask = 2147483647;
			files = (
			);
			runOnlyForDeploymentPostprocessing = 0;
		};
/* End PBXResourcesBuildPhase section */

/* Begin PBXSourcesBuildPhase section */
		56CD47252D0B07D400222C6E /* Sources */ = {
			isa = PBXSourcesBuildPhase;
			buildActionMask = 2147483647;
			files = (
			);
			runOnlyForDeploymentPostprocessing = 0;
		};
		56CD47352D0B07D900222C6E /* Sources */ = {
			isa = PBXSourcesBuildPhase;
			buildActionMask = 2147483647;
			files = (
			);
			runOnlyForDeploymentPostprocessing = 0;
		};
		56CD473F2D0B07D900222C6E /* Sources */ = {
			isa = PBXSourcesBuildPhase;
			buildActionMask = 2147483647;
			files = (
			);
			runOnlyForDeploymentPostprocessing = 0;
		};
/* End PBXSourcesBuildPhase section */

/* Begin PBXTargetDependency section */
		56CD473B2D0B07D900222C6E /* PBXTargetDependency */ = {
			isa = PBXTargetDependency;
			target = 56CD47282D0B07D400222C6E /* dribble_effect_test */;
			targetProxy = 56CD473A2D0B07D900222C6E /* PBXContainerItemProxy */;
		};
		56CD47452D0B07D900222C6E /* PBXTargetDependency */ = {
			isa = PBXTargetDependency;
			target = 56CD47282D0B07D400222C6E /* dribble_effect_test */;
			targetProxy = 56CD47442D0B07D900222C6E /* PBXContainerItemProxy */;
		};
/* End PBXTargetDependency section */

/* Begin XCBuildConfiguration section */
		56CD474B2D0B07D900222C6E /* Debug */ = {
			isa = XCBuildConfiguration;
			buildSettings = {
				ALWAYS_SEARCH_USER_PATHS = NO;
				ASSETCATALOG_COMPILER_GENERATE_SWIFT_ASSET_SYMBOL_EXTENSIONS = YES;
				CLANG_ANALYZER_NONNULL = YES;
				CLANG_ANALYZER_NUMBER_OBJECT_CONVERSION = YES_AGGRESSIVE;
				CLANG_CXX_LANGUAGE_STANDARD = "gnu++20";
				CLANG_ENABLE_MODULES = YES;
				CLANG_ENABLE_OBJC_ARC = YES;
				CLANG_ENABLE_OBJC_WEAK = YES;
				CLANG_WARN_BLOCK_CAPTURE_AUTORELEASING = YES;
				CLANG_WARN_BOOL_CONVERSION = YES;
				CLANG_WARN_COMMA = YES;
				CLANG_WARN_CONSTANT_CONVERSION = YES;
				CLANG_WARN_DEPRECATED_OBJC_IMPLEMENTATIONS = YES;
				CLANG_WARN_DIRECT_OBJC_ISA_USAGE = YES_ERROR;
				CLANG_WARN_DOCUMENTATION_COMMENTS = YES;
				CLANG_WARN_EMPTY_BODY = YES;
				CLANG_WARN_ENUM_CONVERSION = YES;
				CLANG_WARN_INFINITE_RECURSION = YES;
				CLANG_WARN_INT_CONVERSION = YES;
				CLANG_WARN_NON_LITERAL_NULL_CONVERSION = YES;
				CLANG_WARN_OBJC_IMPLICIT_RETAIN_SELF = YES;
				CLANG_WARN_OBJC_LITERAL_CONVERSION = YES;
				CLANG_WARN_OBJC_ROOT_CLASS = YES_ERROR;
				CLANG_WARN_QUOTED_INCLUDE_IN_FRAMEWORK_HEADER = YES;
				CLANG_WARN_RANGE_LOOP_ANALYSIS = YES;
				CLANG_WARN_STRICT_PROTOTYPES = YES;
				CLANG_WARN_SUSPICIOUS_MOVE = YES;
				CLANG_WARN_UNGUARDED_AVAILABILITY = YES_AGGRESSIVE;
				CLANG_WARN_UNREACHABLE_CODE = YES;
				CLANG_WARN__DUPLICATE_METHOD_MATCH = YES;
				COPY_PHASE_STRIP = NO;
				DEBUG_INFORMATION_FORMAT = dwarf;
				ENABLE_STRICT_OBJC_MSGSEND = YES;
				ENABLE_TESTABILITY = YES;
				ENABLE_USER_SCRIPT_SANDBOXING = YES;
				GCC_C_LANGUAGE_STANDARD = gnu17;
				GCC_DYNAMIC_NO_PIC = NO;
				GCC_NO_COMMON_BLOCKS = YES;
				GCC_OPTIMIZATION_LEVEL = 0;
				GCC_PREPROCESSOR_DEFINITIONS = (
					"DEBUG=1",
					"$(inherited)",
				);
				GCC_WARN_64_TO_32_BIT_CONVERSION = YES;
				GCC_WARN_ABOUT_RETURN_TYPE = YES_ERROR;
				GCC_WARN_UNDECLARED_SELECTOR = YES;
				GCC_WARN_UNINITIALIZED_AUTOS = YES_AGGRESSIVE;
				GCC_WARN_UNUSED_FUNCTION = YES;
				GCC_WARN_UNUSED_VARIABLE = YES;
				IPHONEOS_DEPLOYMENT_TARGET = 18.1;
				LOCALIZATION_PREFERS_STRING_CATALOGS = YES;
				MTL_ENABLE_DEBUG_INFO = INCLUDE_SOURCE;
				MTL_FAST_MATH = YES;
				ONLY_ACTIVE_ARCH = YES;
				SDKROOT = iphoneos;
				SWIFT_ACTIVE_COMPILATION_CONDITIONS = "DEBUG $(inherited)";
				SWIFT_OPTIMIZATION_LEVEL = "-Onone";
			};
			name = Debug;
		};
		56CD474C2D0B07D900222C6E /* Release */ = {
			isa = XCBuildConfiguration;
			buildSettings = {
				ALWAYS_SEARCH_USER_PATHS = NO;
				ASSETCATALOG_COMPILER_GENERATE_SWIFT_ASSET_SYMBOL_EXTENSIONS = YES;
				CLANG_ANALYZER_NONNULL = YES;
				CLANG_ANALYZER_NUMBER_OBJECT_CONVERSION = YES_AGGRESSIVE;
				CLANG_CXX_LANGUAGE_STANDARD = "gnu++20";
				CLANG_ENABLE_MODULES = YES;
				CLANG_ENABLE_OBJC_ARC = YES;
				CLANG_ENABLE_OBJC_WEAK = YES;
				CLANG_WARN_BLOCK_CAPTURE_AUTORELEASING = YES;
				CLANG_WARN_BOOL_CONVERSION = YES;
				CLANG_WARN_COMMA = YES;
				CLANG_WARN_CONSTANT_CONVERSION = YES;
				CLANG_WARN_DEPRECATED_OBJC_IMPLEMENTATIONS = YES;
				CLANG_WARN_DIRECT_OBJC_ISA_USAGE = YES_ERROR;
				CLANG_WARN_DOCUMENTATION_COMMENTS = YES;
				CLANG_WARN_EMPTY_BODY = YES;
				CLANG_WARN_ENUM_CONVERSION = YES;
				CLANG_WARN_INFINITE_RECURSION = YES;
				CLANG_WARN_INT_CONVERSION = YES;
				CLANG_WARN_NON_LITERAL_NULL_CONVERSION = YES;
				CLANG_WARN_OBJC_IMPLICIT_RETAIN_SELF = YES;
				CLANG_WARN_OBJC_LITERAL_CONVERSION = YES;
				CLANG_WARN_OBJC_ROOT_CLASS = YES_ERROR;
				CLANG_WARN_QUOTED_INCLUDE_IN_FRAMEWORK_HEADER = YES;
				CLANG_WARN_RANGE_LOOP_ANALYSIS = YES;
				CLANG_WARN_STRICT_PROTOTYPES = YES;
				CLANG_WARN_SUSPICIOUS_MOVE = YES;
				CLANG_WARN_UNGUARDED_AVAILABILITY = YES_AGGRESSIVE;
				CLANG_WARN_UNREACHABLE_CODE = YES;
				CLANG_WARN__DUPLICATE_METHOD_MATCH = YES;
				COPY_PHASE_STRIP = NO;
				DEBUG_INFORMATION_FORMAT = "dwarf-with-dsym";
				ENABLE_NS_ASSERTIONS = NO;
				ENABLE_STRICT_OBJC_MSGSEND = YES;
				ENABLE_USER_SCRIPT_SANDBOXING = YES;
				GCC_C_LANGUAGE_STANDARD = gnu17;
				GCC_NO_COMMON_BLOCKS = YES;
				GCC_WARN_64_TO_32_BIT_CONVERSION = YES;
				GCC_WARN_ABOUT_RETURN_TYPE = YES_ERROR;
				GCC_WARN_UNDECLARED_SELECTOR = YES;
				GCC_WARN_UNINITIALIZED_AUTOS = YES_AGGRESSIVE;
				GCC_WARN_UNUSED_FUNCTION = YES;
				GCC_WARN_UNUSED_VARIABLE = YES;
				IPHONEOS_DEPLOYMENT_TARGET = 18.1;
				LOCALIZATION_PREFERS_STRING_CATALOGS = YES;
				MTL_ENABLE_DEBUG_INFO = NO;
				MTL_FAST_MATH = YES;
				SDKROOT = iphoneos;
				SWIFT_COMPILATION_MODE = wholemodule;
				VALIDATE_PRODUCT = YES;
			};
			name = Release;
		};
		56CD474E2D0B07D900222C6E /* Debug */ = {
			isa = XCBuildConfiguration;
			buildSettings = {
				ASSETCATALOG_COMPILER_APPICON_NAME = AppIcon;
				ASSETCATALOG_COMPILER_GLOBAL_ACCENT_COLOR_NAME = AccentColor;
				CODE_SIGN_STYLE = Automatic;
				CURRENT_PROJECT_VERSION = 1;
				DEVELOPMENT_ASSET_PATHS = "\"dribble_effect_test/Preview Content\"";
				DEVELOPMENT_TEAM = ZHQ4442GZL;
				ENABLE_PREVIEWS = YES;
				GENERATE_INFOPLIST_FILE = YES;
				INFOPLIST_KEY_UIApplicationSceneManifest_Generation = YES;
				INFOPLIST_KEY_UIApplicationSupportsIndirectInputEvents = YES;
				INFOPLIST_KEY_UILaunchScreen_Generation = YES;
				INFOPLIST_KEY_UISupportedInterfaceOrientations_iPad = "UIInterfaceOrientationPortrait UIInterfaceOrientationPortraitUpsideDown UIInterfaceOrientationLandscapeLeft UIInterfaceOrientationLandscapeRight";
				INFOPLIST_KEY_UISupportedInterfaceOrientations_iPhone = "UIInterfaceOrientationPortrait UIInterfaceOrientationLandscapeLeft UIInterfaceOrientationLandscapeRight";
				IPHONEOS_DEPLOYMENT_TARGET = 15.6;
				LD_RUNPATH_SEARCH_PATHS = (
					"$(inherited)",
					"@executable_path/Frameworks",
				);
				MARKETING_VERSION = 1.0;
				PRODUCT_BUNDLE_IDENTIFIER = "com.aysemacam.dribble-effect-test";
				PRODUCT_NAME = "$(TARGET_NAME)";
				SWIFT_EMIT_LOC_STRINGS = YES;
				SWIFT_VERSION = 5.0;
				TARGETED_DEVICE_FAMILY = "1,2";
			};
			name = Debug;
		};
		56CD474F2D0B07D900222C6E /* Release */ = {
			isa = XCBuildConfiguration;
			buildSettings = {
				ASSETCATALOG_COMPILER_APPICON_NAME = AppIcon;
				ASSETCATALOG_COMPILER_GLOBAL_ACCENT_COLOR_NAME = AccentColor;
				CODE_SIGN_STYLE = Automatic;
				CURRENT_PROJECT_VERSION = 1;
				DEVELOPMENT_ASSET_PATHS = "\"dribble_effect_test/Preview Content\"";
				DEVELOPMENT_TEAM = ZHQ4442GZL;
				ENABLE_PREVIEWS = YES;
				GENERATE_INFOPLIST_FILE = YES;
				INFOPLIST_KEY_UIApplicationSceneManifest_Generation = YES;
				INFOPLIST_KEY_UIApplicationSupportsIndirectInputEvents = YES;
				INFOPLIST_KEY_UILaunchScreen_Generation = YES;
				INFOPLIST_KEY_UISupportedInterfaceOrientations_iPad = "UIInterfaceOrientationPortrait UIInterfaceOrientationPortraitUpsideDown UIInterfaceOrientationLandscapeLeft UIInterfaceOrientationLandscapeRight";
				INFOPLIST_KEY_UISupportedInterfaceOrientations_iPhone = "UIInterfaceOrientationPortrait UIInterfaceOrientationLandscapeLeft UIInterfaceOrientationLandscapeRight";
				IPHONEOS_DEPLOYMENT_TARGET = 15.6;
				LD_RUNPATH_SEARCH_PATHS = (
					"$(inherited)",
					"@executable_path/Frameworks",
				);
				MARKETING_VERSION = 1.0;
				PRODUCT_BUNDLE_IDENTIFIER = "com.aysemacam.dribble-effect-test";
				PRODUCT_NAME = "$(TARGET_NAME)";
				SWIFT_EMIT_LOC_STRINGS = YES;
				SWIFT_VERSION = 5.0;
				TARGETED_DEVICE_FAMILY = "1,2";
			};
			name = Release;
		};
		56CD47512D0B07D900222C6E /* Debug */ = {
			isa = XCBuildConfiguration;
			buildSettings = {
				BUNDLE_LOADER = "$(TEST_HOST)";
				CODE_SIGN_STYLE = Automatic;
				CURRENT_PROJECT_VERSION = 1;
				DEVELOPMENT_TEAM = ZHQ4442GZL;
				GENERATE_INFOPLIST_FILE = YES;
				IPHONEOS_DEPLOYMENT_TARGET = 18.1;
				MARKETING_VERSION = 1.0;
				PRODUCT_BUNDLE_IDENTIFIER = "com.aysemacam.dribble-effect-testTests";
				PRODUCT_NAME = "$(TARGET_NAME)";
				SWIFT_EMIT_LOC_STRINGS = NO;
				SWIFT_VERSION = 5.0;
				TARGETED_DEVICE_FAMILY = "1,2";
				TEST_HOST = "$(BUILT_PRODUCTS_DIR)/dribble_effect_test.app/$(BUNDLE_EXECUTABLE_FOLDER_PATH)/dribble_effect_test";
			};
			name = Debug;
		};
		56CD47522D0B07D900222C6E /* Release */ = {
			isa = XCBuildConfiguration;
			buildSettings = {
				BUNDLE_LOADER = "$(TEST_HOST)";
				CODE_SIGN_STYLE = Automatic;
				CURRENT_PROJECT_VERSION = 1;
				DEVELOPMENT_TEAM = ZHQ4442GZL;
				GENERATE_INFOPLIST_FILE = YES;
				IPHONEOS_DEPLOYMENT_TARGET = 18.1;
				MARKETING_VERSION = 1.0;
				PRODUCT_BUNDLE_IDENTIFIER = "com.aysemacam.dribble-effect-testTests";
				PRODUCT_NAME = "$(TARGET_NAME)";
				SWIFT_EMIT_LOC_STRINGS = NO;
				SWIFT_VERSION = 5.0;
				TARGETED_DEVICE_FAMILY = "1,2";
				TEST_HOST = "$(BUILT_PRODUCTS_DIR)/dribble_effect_test.app/$(BUNDLE_EXECUTABLE_FOLDER_PATH)/dribble_effect_test";
			};
			name = Release;
		};
		56CD47542D0B07D900222C6E /* Debug */ = {
			isa = XCBuildConfiguration;
			buildSettings = {
				CODE_SIGN_STYLE = Automatic;
				CURRENT_PROJECT_VERSION = 1;
				DEVELOPMENT_TEAM = ZHQ4442GZL;
				GENERATE_INFOPLIST_FILE = YES;
				MARKETING_VERSION = 1.0;
				PRODUCT_BUNDLE_IDENTIFIER = "com.aysemacam.dribble-effect-testUITests";
				PRODUCT_NAME = "$(TARGET_NAME)";
				SWIFT_EMIT_LOC_STRINGS = NO;
				SWIFT_VERSION = 5.0;
				TARGETED_DEVICE_FAMILY = "1,2";
				TEST_TARGET_NAME = dribble_effect_test;
			};
			name = Debug;
		};
		56CD47552D0B07D900222C6E /* Release */ = {
			isa = XCBuildConfiguration;
			buildSettings = {
				CODE_SIGN_STYLE = Automatic;
				CURRENT_PROJECT_VERSION = 1;
				DEVELOPMENT_TEAM = ZHQ4442GZL;
				GENERATE_INFOPLIST_FILE = YES;
				MARKETING_VERSION = 1.0;
				PRODUCT_BUNDLE_IDENTIFIER = "com.aysemacam.dribble-effect-testUITests";
				PRODUCT_NAME = "$(TARGET_NAME)";
				SWIFT_EMIT_LOC_STRINGS = NO;
				SWIFT_VERSION = 5.0;
				TARGETED_DEVICE_FAMILY = "1,2";
				TEST_TARGET_NAME = dribble_effect_test;
			};
			name = Release;
		};
/* End XCBuildConfiguration section */

/* Begin XCConfigurationList section */
		56CD47242D0B07D400222C6E /* Build configuration list for PBXProject "dribble_effect_test" */ = {
			isa = XCConfigurationList;
			buildConfigurations = (
				56CD474B2D0B07D900222C6E /* Debug */,
				56CD474C2D0B07D900222C6E /* Release */,
			);
			defaultConfigurationIsVisible = 0;
			defaultConfigurationName = Release;
		};
		56CD474D2D0B07D900222C6E /* Build configuration list for PBXNativeTarget "dribble_effect_test" */ = {
			isa = XCConfigurationList;
			buildConfigurations = (
				56CD474E2D0B07D900222C6E /* Debug */,
				56CD474F2D0B07D900222C6E /* Release */,
			);
			defaultConfigurationIsVisible = 0;
			defaultConfigurationName = Release;
		};
		56CD47502D0B07D900222C6E /* Build configuration list for PBXNativeTarget "dribble_effect_testTests" */ = {
			isa = XCConfigurationList;
			buildConfigurations = (
				56CD47512D0B07D900222C6E /* Debug */,
				56CD47522D0B07D900222C6E /* Release */,
			);
			defaultConfigurationIsVisible = 0;
			defaultConfigurationName = Release;
		};
		56CD47532D0B07D900222C6E /* Build configuration list for PBXNativeTarget "dribble_effect_testUITests" */ = {
			isa = XCConfigurationList;
			buildConfigurations = (
				56CD47542D0B07D900222C6E /* Debug */,
				56CD47552D0B07D900222C6E /* Release */,
			);
			defaultConfigurationIsVisible = 0;
			defaultConfigurationName = Release;
		};
/* End XCConfigurationList section */
	};
	rootObject = 56CD47212D0B07D400222C6E /* Project object */;
}
