// !$*UTF8*$!
{
	archiveVersion = 1;
	classes = {
	};
	objectVersion = 56;
	objects = {

/* Begin PBXBuildFile section */
		560272092C903098002194F8 /* DraggableTime.swift in Sources */ = {isa = PBXBuildFile; fileRef = 560272082C903098002194F8 /* DraggableTime.swift */; };
		561BAE082C7332C400C0991E /* story_photo_editApp.swift in Sources */ = {isa = PBXBuildFile; fileRef = 561BAE072C7332C400C0991E /* story_photo_editApp.swift */; };
		561BAE0A2C7332C400C0991E /* ContentView.swift in Sources */ = {isa = PBXBuildFile; fileRef = 561BAE092C7332C400C0991E /* ContentView.swift */; };
		561BAE0C2C7332C600C0991E /* Assets.xcassets in Resources */ = {isa = PBXBuildFile; fileRef = 561BAE0B2C7332C600C0991E /* Assets.xcassets */; };
		561BAE0F2C7332C600C0991E /* Preview Assets.xcassets in Resources */ = {isa = PBXBuildFile; fileRef = 561BAE0E2C7332C600C0991E /* Preview Assets.xcassets */; };
		561BAE162C73335200C0991E /* StoryEditView.swift in Sources */ = {isa = PBXBuildFile; fileRef = 561BAE152C73335200C0991E /* StoryEditView.swift */; };
		563B94EF2C804CB000649B68 /* DraggableText.swift in Sources */ = {isa = PBXBuildFile; fileRef = 563B94EE2C804CB000649B68 /* DraggableText.swift */; };
		563B94F12C804D6F00649B68 /* DraggableSticker.swift in Sources */ = {isa = PBXBuildFile; fileRef = 563B94F02C804D6F00649B68 /* DraggableSticker.swift */; };
		563B94F32C804E0D00649B68 /* TextOverlayView.swift in Sources */ = {isa = PBXBuildFile; fileRef = 563B94F22C804E0D00649B68 /* TextOverlayView.swift */; };
		563B94F52C804E9800649B68 /* GradientImagePickerView.swift in Sources */ = {isa = PBXBuildFile; fileRef = 563B94F42C804E9800649B68 /* GradientImagePickerView.swift */; };
		563B94F72C804EC400649B68 /* ImagePicker.swift in Sources */ = {isa = PBXBuildFile; fileRef = 563B94F62C804EC400649B68 /* ImagePicker.swift */; };
		563B94F92C80506B00649B68 /* DraggableImage.swift in Sources */ = {isa = PBXBuildFile; fileRef = 563B94F82C80506B00649B68 /* DraggableImage.swift */; };
		563B94FB2C8050C400649B68 /* VerticalSliderView.swift in Sources */ = {isa = PBXBuildFile; fileRef = 563B94FA2C8050C400649B68 /* VerticalSliderView.swift */; };
		563B94FE2C80783C00649B68 /* DrawingView.swift in Sources */ = {isa = PBXBuildFile; fileRef = 563B94FD2C80783C00649B68 /* DrawingView.swift */; };
		563B95012C80789200649B68 /* DrawingOverlayView.swift in Sources */ = {isa = PBXBuildFile; fileRef = 563B95002C80789200649B68 /* DrawingOverlayView.swift */; };
		563B95032C8078B800649B68 /* ToolButton.swift in Sources */ = {isa = PBXBuildFile; fileRef = 563B95022C8078B800649B68 /* ToolButton.swift */; };
		564D72CC2C81B1C400EF71FC /* MetalPetal in Frameworks */ = {isa = PBXBuildFile; productRef = 564D72CB2C81B1C400EF71FC /* MetalPetal */; };
		568D7CA52C76259E00A4D361 /* Forum-Regular.ttf in Resources */ = {isa = PBXBuildFile; fileRef = 568D7CA42C76259E00A4D361 /* Forum-Regular.ttf */; };
		568D7CA72C7625A800A4D361 /* GreatVibes-Regular.ttf in Resources */ = {isa = PBXBuildFile; fileRef = 568D7CA62C7625A800A4D361 /* GreatVibes-Regular.ttf */; };
		568D7CA92C7625B300A4D361 /* GreyQo-Regular.ttf in Resources */ = {isa = PBXBuildFile; fileRef = 568D7CA82C7625B300A4D361 /* GreyQo-Regular.ttf */; };
		568D7CAB2C7625C100A4D361 /* Roboto-Medium.ttf in Resources */ = {isa = PBXBuildFile; fileRef = 568D7CAA2C7625C100A4D361 /* Roboto-Medium.ttf */; };
		568D7CAD2C7625D300A4D361 /* Righteous-Regular.ttf in Resources */ = {isa = PBXBuildFile; fileRef = 568D7CAC2C7625D300A4D361 /* Righteous-Regular.ttf */; };
		568D7CAF2C7626C600A4D361 /* Montserrat-VariableFont_wght.ttf in Resources */ = {isa = PBXBuildFile; fileRef = 568D7CAE2C7626C600A4D361 /* Montserrat-VariableFont_wght.ttf */; };
		568D7CB32C76285000A4D361 /* Font+Extensions.swift in Sources */ = {isa = PBXBuildFile; fileRef = 568D7CB22C76285000A4D361 /* Font+Extensions.swift */; };
		56901BC92C8748DA00F611E9 /* VideoProcessor.swift in Sources */ = {isa = PBXBuildFile; fileRef = 56901BC82C8748DA00F611E9 /* VideoProcessor.swift */; };
		56AC5F2E2C7CDCA7000E04DD /* gif_1.gif in Resources */ = {isa = PBXBuildFile; fileRef = 56AC5F2A2C7CDCA7000E04DD /* gif_1.gif */; };
		56AC5F2F2C7CDCA7000E04DD /* gif_3.gif in Resources */ = {isa = PBXBuildFile; fileRef = 56AC5F2B2C7CDCA7000E04DD /* gif_3.gif */; };
		56AC5F302C7CDCA7000E04DD /* gif_4.gif in Resources */ = {isa = PBXBuildFile; fileRef = 56AC5F2C2C7CDCA7000E04DD /* gif_4.gif */; };
		56AC5F312C7CDCA7000E04DD /* gif_2.gif in Resources */ = {isa = PBXBuildFile; fileRef = 56AC5F2D2C7CDCA7000E04DD /* gif_2.gif */; };
/* End PBXBuildFile section */

/* Begin PBXFileReference section */
		560272082C903098002194F8 /* DraggableTime.swift */ = {isa = PBXFileReference; lastKnownFileType = sourcecode.swift; path = DraggableTime.swift; sourceTree = "<group>"; };
		561BAE042C7332C400C0991E /* story_photo_edit.app */ = {isa = PBXFileReference; explicitFileType = wrapper.application; includeInIndex = 0; path = story_photo_edit.app; sourceTree = BUILT_PRODUCTS_DIR; };
		561BAE072C7332C400C0991E /* story_photo_editApp.swift */ = {isa = PBXFileReference; lastKnownFileType = sourcecode.swift; path = story_photo_editApp.swift; sourceTree = "<group>"; };
		561BAE092C7332C400C0991E /* ContentView.swift */ = {isa = PBXFileReference; lastKnownFileType = sourcecode.swift; path = ContentView.swift; sourceTree = "<group>"; };
		561BAE0B2C7332C600C0991E /* Assets.xcassets */ = {isa = PBXFileReference; lastKnownFileType = folder.assetcatalog; path = Assets.xcassets; sourceTree = "<group>"; };
		561BAE0E2C7332C600C0991E /* Preview Assets.xcassets */ = {isa = PBXFileReference; lastKnownFileType = folder.assetcatalog; path = "Preview Assets.xcassets"; sourceTree = "<group>"; };
		561BAE152C73335200C0991E /* StoryEditView.swift */ = {isa = PBXFileReference; lastKnownFileType = sourcecode.swift; path = StoryEditView.swift; sourceTree = "<group>"; };
		563B94EE2C804CB000649B68 /* DraggableText.swift */ = {isa = PBXFileReference; lastKnownFileType = sourcecode.swift; path = DraggableText.swift; sourceTree = "<group>"; };
		563B94F02C804D6F00649B68 /* DraggableSticker.swift */ = {isa = PBXFileReference; lastKnownFileType = sourcecode.swift; path = DraggableSticker.swift; sourceTree = "<group>"; };
		563B94F22C804E0D00649B68 /* TextOverlayView.swift */ = {isa = PBXFileReference; lastKnownFileType = sourcecode.swift; path = TextOverlayView.swift; sourceTree = "<group>"; };
		563B94F42C804E9800649B68 /* GradientImagePickerView.swift */ = {isa = PBXFileReference; lastKnownFileType = sourcecode.swift; path = GradientImagePickerView.swift; sourceTree = "<group>"; };
		563B94F62C804EC400649B68 /* ImagePicker.swift */ = {isa = PBXFileReference; lastKnownFileType = sourcecode.swift; path = ImagePicker.swift; sourceTree = "<group>"; };
		563B94F82C80506B00649B68 /* DraggableImage.swift */ = {isa = PBXFileReference; lastKnownFileType = sourcecode.swift; path = DraggableImage.swift; sourceTree = "<group>"; };
		563B94FA2C8050C400649B68 /* VerticalSliderView.swift */ = {isa = PBXFileReference; lastKnownFileType = sourcecode.swift; path = VerticalSliderView.swift; sourceTree = "<group>"; };
		563B94FD2C80783C00649B68 /* DrawingView.swift */ = {isa = PBXFileReference; lastKnownFileType = sourcecode.swift; path = DrawingView.swift; sourceTree = "<group>"; };
		563B95002C80789200649B68 /* DrawingOverlayView.swift */ = {isa = PBXFileReference; lastKnownFileType = sourcecode.swift; path = DrawingOverlayView.swift; sourceTree = "<group>"; };
		563B95022C8078B800649B68 /* ToolButton.swift */ = {isa = PBXFileReference; lastKnownFileType = sourcecode.swift; path = ToolButton.swift; sourceTree = "<group>"; };
		568D7CA42C76259E00A4D361 /* Forum-Regular.ttf */ = {isa = PBXFileReference; lastKnownFileType = file; path = "Forum-Regular.ttf"; sourceTree = "<group>"; };
		568D7CA62C7625A800A4D361 /* GreatVibes-Regular.ttf */ = {isa = PBXFileReference; lastKnownFileType = file; path = "GreatVibes-Regular.ttf"; sourceTree = "<group>"; };
		568D7CA82C7625B300A4D361 /* GreyQo-Regular.ttf */ = {isa = PBXFileReference; lastKnownFileType = file; path = "GreyQo-Regular.ttf"; sourceTree = "<group>"; };
		568D7CAA2C7625C100A4D361 /* Roboto-Medium.ttf */ = {isa = PBXFileReference; lastKnownFileType = file; path = "Roboto-Medium.ttf"; sourceTree = "<group>"; };
		568D7CAC2C7625D300A4D361 /* Righteous-Regular.ttf */ = {isa = PBXFileReference; lastKnownFileType = file; path = "Righteous-Regular.ttf"; sourceTree = "<group>"; };
		568D7CAE2C7626C600A4D361 /* Montserrat-VariableFont_wght.ttf */ = {isa = PBXFileReference; lastKnownFileType = file; path = "Montserrat-VariableFont_wght.ttf"; sourceTree = "<group>"; };
		568D7CB02C7626DC00A4D361 /* story-photo-edit-Info.plist */ = {isa = PBXFileReference; lastKnownFileType = text.plist; path = "story-photo-edit-Info.plist"; sourceTree = SOURCE_ROOT; };
		568D7CB22C76285000A4D361 /* Font+Extensions.swift */ = {isa = PBXFileReference; lastKnownFileType = sourcecode.swift; path = "Font+Extensions.swift"; sourceTree = "<group>"; };
		56901BC82C8748DA00F611E9 /* VideoProcessor.swift */ = {isa = PBXFileReference; lastKnownFileType = sourcecode.swift; path = VideoProcessor.swift; sourceTree = "<group>"; };
		56AC5F2A2C7CDCA7000E04DD /* gif_1.gif */ = {isa = PBXFileReference; lastKnownFileType = image.gif; path = gif_1.gif; sourceTree = "<group>"; };
		56AC5F2B2C7CDCA7000E04DD /* gif_3.gif */ = {isa = PBXFileReference; lastKnownFileType = image.gif; path = gif_3.gif; sourceTree = "<group>"; };
		56AC5F2C2C7CDCA7000E04DD /* gif_4.gif */ = {isa = PBXFileReference; lastKnownFileType = image.gif; path = gif_4.gif; sourceTree = "<group>"; };
		56AC5F2D2C7CDCA7000E04DD /* gif_2.gif */ = {isa = PBXFileReference; lastKnownFileType = image.gif; path = gif_2.gif; sourceTree = "<group>"; };
/* End PBXFileReference section */

/* Begin PBXFrameworksBuildPhase section */
		561BAE012C7332C400C0991E /* Frameworks */ = {
			isa = PBXFrameworksBuildPhase;
			buildActionMask = 2147483647;
			files = (
				564D72CC2C81B1C400EF71FC /* MetalPetal in Frameworks */,
			);
			runOnlyForDeploymentPostprocessing = 0;
		};
/* End PBXFrameworksBuildPhase section */

/* Begin PBXGroup section */
		561BADFB2C7332C400C0991E = {
			isa = PBXGroup;
			children = (
				56AC5F292C7CDC53000E04DD /* Resources */,
				568D7CB12C76283E00A4D361 /* Extensions */,
				568D7CA32C76259100A4D361 /* Fonts */,
				561BAE062C7332C400C0991E /* story_photo_edit */,
				561BAE052C7332C400C0991E /* Products */,
			);
			sourceTree = "<group>";
		};
		561BAE052C7332C400C0991E /* Products */ = {
			isa = PBXGroup;
			children = (
				561BAE042C7332C400C0991E /* story_photo_edit.app */,
			);
			name = Products;
			sourceTree = "<group>";
		};
		561BAE062C7332C400C0991E /* story_photo_edit */ = {
			isa = PBXGroup;
			children = (
				563B94FC2C80780800649B68 /* PhotoEdit */,
				568D7CB02C7626DC00A4D361 /* story-photo-edit-Info.plist */,
				561BAE072C7332C400C0991E /* story_photo_editApp.swift */,
				561BAE092C7332C400C0991E /* ContentView.swift */,
				561BAE0D2C7332C600C0991E /* Preview Content */,
			);
			path = story_photo_edit;
			sourceTree = "<group>";
		};
		561BAE0D2C7332C600C0991E /* Preview Content */ = {
			isa = PBXGroup;
			children = (
				561BAE0E2C7332C600C0991E /* Preview Assets.xcassets */,
			);
			path = "Preview Content";
			sourceTree = "<group>";
		};
		563B94FC2C80780800649B68 /* PhotoEdit */ = {
			isa = PBXGroup;
			children = (
				561BAE152C73335200C0991E /* StoryEditView.swift */,
				563B94FF2C80788000649B68 /* Drawing */,
				563B94F82C80506B00649B68 /* DraggableImage.swift */,
				563B94F62C804EC400649B68 /* ImagePicker.swift */,
				563B94F42C804E9800649B68 /* GradientImagePickerView.swift */,
				563B94F22C804E0D00649B68 /* TextOverlayView.swift */,
				563B94F02C804D6F00649B68 /* DraggableSticker.swift */,
				563B94FA2C8050C400649B68 /* VerticalSliderView.swift */,
				563B94EE2C804CB000649B68 /* DraggableText.swift */,
				56901BC82C8748DA00F611E9 /* VideoProcessor.swift */,
				560272082C903098002194F8 /* DraggableTime.swift */,
			);
			path = PhotoEdit;
			sourceTree = "<group>";
		};
		563B94FF2C80788000649B68 /* Drawing */ = {
			isa = PBXGroup;
			children = (
				563B94FD2C80783C00649B68 /* DrawingView.swift */,
				563B95002C80789200649B68 /* DrawingOverlayView.swift */,
				563B95022C8078B800649B68 /* ToolButton.swift */,
			);
			path = Drawing;
			sourceTree = "<group>";
		};
		568D7CA32C76259100A4D361 /* Fonts */ = {
			isa = PBXGroup;
			children = (
				568D7CAA2C7625C100A4D361 /* Roboto-Medium.ttf */,
				568D7CA82C7625B300A4D361 /* GreyQo-Regular.ttf */,
				568D7CA62C7625A800A4D361 /* GreatVibes-Regular.ttf */,
				568D7CAC2C7625D300A4D361 /* Righteous-Regular.ttf */,
				568D7CAE2C7626C600A4D361 /* Montserrat-VariableFont_wght.ttf */,
				568D7CA42C76259E00A4D361 /* Forum-Regular.ttf */,
			);
			path = Fonts;
			sourceTree = "<group>";
		};
		568D7CB12C76283E00A4D361 /* Extensions */ = {
			isa = PBXGroup;
			children = (
				568D7CB22C76285000A4D361 /* Font+Extensions.swift */,
			);
			path = Extensions;
			sourceTree = "<group>";
		};
		56AC5F292C7CDC53000E04DD /* Resources */ = {
			isa = PBXGroup;
			children = (
				56AC5F2D2C7CDCA7000E04DD /* gif_2.gif */,
				56AC5F2A2C7CDCA7000E04DD /* gif_1.gif */,
				56AC5F2B2C7CDCA7000E04DD /* gif_3.gif */,
				56AC5F2C2C7CDCA7000E04DD /* gif_4.gif */,
				561BAE0B2C7332C600C0991E /* Assets.xcassets */,
			);
			path = Resources;
			sourceTree = "<group>";
		};
/* End PBXGroup section */

/* Begin PBXNativeTarget section */
		561BAE032C7332C400C0991E /* story_photo_edit */ = {
			isa = PBXNativeTarget;
			buildConfigurationList = 561BAE122C7332C600C0991E /* Build configuration list for PBXNativeTarget "story_photo_edit" */;
			buildPhases = (
				561BAE002C7332C400C0991E /* Sources */,
				561BAE012C7332C400C0991E /* Frameworks */,
				561BAE022C7332C400C0991E /* Resources */,
			);
			buildRules = (
			);
			dependencies = (
			);
			name = story_photo_edit;
			packageProductDependencies = (
				564D72CB2C81B1C400EF71FC /* MetalPetal */,
			);
			productName = story_photo_edit;
			productReference = 561BAE042C7332C400C0991E /* story_photo_edit.app */;
			productType = "com.apple.product-type.application";
		};
/* End PBXNativeTarget section */

/* Begin PBXProject section */
		561BADFC2C7332C400C0991E /* Project object */ = {
			isa = PBXProject;
			attributes = {
				BuildIndependentTargetsInParallel = 1;
				LastSwiftUpdateCheck = 1540;
				LastUpgradeCheck = 1540;
				TargetAttributes = {
					561BAE032C7332C400C0991E = {
						CreatedOnToolsVersion = 15.4;
					};
				};
			};
			buildConfigurationList = 561BADFF2C7332C400C0991E /* Build configuration list for PBXProject "story_photo_edit" */;
			compatibilityVersion = "Xcode 14.0";
			developmentRegion = en;
			hasScannedForEncodings = 0;
			knownRegions = (
				en,
				Base,
			);
			mainGroup = 561BADFB2C7332C400C0991E;
			packageReferences = (
				564D72CA2C81B1C400EF71FC /* XCRemoteSwiftPackageReference "MetalPetal" */,
			);
			productRefGroup = 561BAE052C7332C400C0991E /* Products */;
			projectDirPath = "";
			projectRoot = "";
			targets = (
				561BAE032C7332C400C0991E /* story_photo_edit */,
			);
		};
/* End PBXProject section */

/* Begin PBXResourcesBuildPhase section */
		561BAE022C7332C400C0991E /* Resources */ = {
			isa = PBXResourcesBuildPhase;
			buildActionMask = 2147483647;
			files = (
				568D7CA52C76259E00A4D361 /* Forum-Regular.ttf in Resources */,
				568D7CA72C7625A800A4D361 /* GreatVibes-Regular.ttf in Resources */,
				568D7CAB2C7625C100A4D361 /* Roboto-Medium.ttf in Resources */,
				56AC5F302C7CDCA7000E04DD /* gif_4.gif in Resources */,
				561BAE0F2C7332C600C0991E /* Preview Assets.xcassets in Resources */,
				568D7CAF2C7626C600A4D361 /* Montserrat-VariableFont_wght.ttf in Resources */,
				568D7CAD2C7625D300A4D361 /* Righteous-Regular.ttf in Resources */,
				561BAE0C2C7332C600C0991E /* Assets.xcassets in Resources */,
				56AC5F2F2C7CDCA7000E04DD /* gif_3.gif in Resources */,
				56AC5F2E2C7CDCA7000E04DD /* gif_1.gif in Resources */,
				568D7CA92C7625B300A4D361 /* GreyQo-Regular.ttf in Resources */,
				56AC5F312C7CDCA7000E04DD /* gif_2.gif in Resources */,
			);
			runOnlyForDeploymentPostprocessing = 0;
		};
/* End PBXResourcesBuildPhase section */

/* Begin PBXSourcesBuildPhase section */
		561BAE002C7332C400C0991E /* Sources */ = {
			isa = PBXSourcesBuildPhase;
			buildActionMask = 2147483647;
			files = (
				56901BC92C8748DA00F611E9 /* VideoProcessor.swift in Sources */,
				561BAE162C73335200C0991E /* StoryEditView.swift in Sources */,
				563B94F32C804E0D00649B68 /* TextOverlayView.swift in Sources */,
				563B94F52C804E9800649B68 /* GradientImagePickerView.swift in Sources */,
				563B94FE2C80783C00649B68 /* DrawingView.swift in Sources */,
				563B94F92C80506B00649B68 /* DraggableImage.swift in Sources */,
				560272092C903098002194F8 /* DraggableTime.swift in Sources */,
				563B94F72C804EC400649B68 /* ImagePicker.swift in Sources */,
				563B94FB2C8050C400649B68 /* VerticalSliderView.swift in Sources */,
				563B95032C8078B800649B68 /* ToolButton.swift in Sources */,
				561BAE0A2C7332C400C0991E /* ContentView.swift in Sources */,
				568D7CB32C76285000A4D361 /* Font+Extensions.swift in Sources */,
				563B94F12C804D6F00649B68 /* DraggableSticker.swift in Sources */,
				561BAE082C7332C400C0991E /* story_photo_editApp.swift in Sources */,
				563B95012C80789200649B68 /* DrawingOverlayView.swift in Sources */,
				563B94EF2C804CB000649B68 /* DraggableText.swift in Sources */,
			);
			runOnlyForDeploymentPostprocessing = 0;
		};
/* End PBXSourcesBuildPhase section */

/* Begin XCBuildConfiguration section */
		561BAE102C7332C600C0991E /* Debug */ = {
			isa = XCBuildConfiguration;
			buildSettings = {
				ALWAYS_SEARCH_USER_PATHS = NO;
				ASSETCATALOG_COMPILER_GENERATE_SWIFT_ASSET_SYMBOL_EXTENSIONS = YES;
				CLANG_ANALYZER_NONNULL = YES;
				CLANG_ANALYZER_NUMBER_OBJECT_CONVERSION = YES_AGGRESSIVE;
				CLANG_CXX_LANGUAGE_STANDARD = "gnu++20";
				CLANG_ENABLE_MODULES = YES;
				CLANG_ENABLE_OBJC_ARC = YES;
				CLANG_ENABLE_OBJC_WEAK = YES;
				CLANG_WARN_BLOCK_CAPTURE_AUTORELEASING = YES;
				CLANG_WARN_BOOL_CONVERSION = YES;
				CLANG_WARN_COMMA = YES;
				CLANG_WARN_CONSTANT_CONVERSION = YES;
				CLANG_WARN_DEPRECATED_OBJC_IMPLEMENTATIONS = YES;
				CLANG_WARN_DIRECT_OBJC_ISA_USAGE = YES_ERROR;
				CLANG_WARN_DOCUMENTATION_COMMENTS = YES;
				CLANG_WARN_EMPTY_BODY = YES;
				CLANG_WARN_ENUM_CONVERSION = YES;
				CLANG_WARN_INFINITE_RECURSION = YES;
				CLANG_WARN_INT_CONVERSION = YES;
				CLANG_WARN_NON_LITERAL_NULL_CONVERSION = YES;
				CLANG_WARN_OBJC_IMPLICIT_RETAIN_SELF = YES;
				CLANG_WARN_OBJC_LITERAL_CONVERSION = YES;
				CLANG_WARN_OBJC_ROOT_CLASS = YES_ERROR;
				CLANG_WARN_QUOTED_INCLUDE_IN_FRAMEWORK_HEADER = YES;
				CLANG_WARN_RANGE_LOOP_ANALYSIS = YES;
				CLANG_WARN_STRICT_PROTOTYPES = YES;
				CLANG_WARN_SUSPICIOUS_MOVE = YES;
				CLANG_WARN_UNGUARDED_AVAILABILITY = YES_AGGRESSIVE;
				CLANG_WARN_UNREACHABLE_CODE = YES;
				CLANG_WARN__DUPLICATE_METHOD_MATCH = YES;
				COPY_PHASE_STRIP = NO;
				DEBUG_INFORMATION_FORMAT = dwarf;
				ENABLE_STRICT_OBJC_MSGSEND = YES;
				ENABLE_TESTABILITY = YES;
				ENABLE_USER_SCRIPT_SANDBOXING = YES;
				GCC_C_LANGUAGE_STANDARD = gnu17;
				GCC_DYNAMIC_NO_PIC = NO;
				GCC_NO_COMMON_BLOCKS = YES;
				GCC_OPTIMIZATION_LEVEL = 0;
				GCC_PREPROCESSOR_DEFINITIONS = (
					"DEBUG=1",
					"$(inherited)",
				);
				GCC_WARN_64_TO_32_BIT_CONVERSION = YES;
				GCC_WARN_ABOUT_RETURN_TYPE = YES_ERROR;
				GCC_WARN_UNDECLARED_SELECTOR = YES;
				GCC_WARN_UNINITIALIZED_AUTOS = YES_AGGRESSIVE;
				GCC_WARN_UNUSED_FUNCTION = YES;
				GCC_WARN_UNUSED_VARIABLE = YES;
				IPHONEOS_DEPLOYMENT_TARGET = 17.5;
				LOCALIZATION_PREFERS_STRING_CATALOGS = YES;
				MTL_ENABLE_DEBUG_INFO = INCLUDE_SOURCE;
				MTL_FAST_MATH = YES;
				ONLY_ACTIVE_ARCH = YES;
				SDKROOT = iphoneos;
				SWIFT_ACTIVE_COMPILATION_CONDITIONS = "DEBUG $(inherited)";
				SWIFT_OPTIMIZATION_LEVEL = "-Onone";
			};
			name = Debug;
		};
		561BAE112C7332C600C0991E /* Release */ = {
			isa = XCBuildConfiguration;
			buildSettings = {
				ALWAYS_SEARCH_USER_PATHS = NO;
				ASSETCATALOG_COMPILER_GENERATE_SWIFT_ASSET_SYMBOL_EXTENSIONS = YES;
				CLANG_ANALYZER_NONNULL = YES;
				CLANG_ANALYZER_NUMBER_OBJECT_CONVERSION = YES_AGGRESSIVE;
				CLANG_CXX_LANGUAGE_STANDARD = "gnu++20";
				CLANG_ENABLE_MODULES = YES;
				CLANG_ENABLE_OBJC_ARC = YES;
				CLANG_ENABLE_OBJC_WEAK = YES;
				CLANG_WARN_BLOCK_CAPTURE_AUTORELEASING = YES;
				CLANG_WARN_BOOL_CONVERSION = YES;
				CLANG_WARN_COMMA = YES;
				CLANG_WARN_CONSTANT_CONVERSION = YES;
				CLANG_WARN_DEPRECATED_OBJC_IMPLEMENTATIONS = YES;
				CLANG_WARN_DIRECT_OBJC_ISA_USAGE = YES_ERROR;
				CLANG_WARN_DOCUMENTATION_COMMENTS = YES;
				CLANG_WARN_EMPTY_BODY = YES;
				CLANG_WARN_ENUM_CONVERSION = YES;
				CLANG_WARN_INFINITE_RECURSION = YES;
				CLANG_WARN_INT_CONVERSION = YES;
				CLANG_WARN_NON_LITERAL_NULL_CONVERSION = YES;
				CLANG_WARN_OBJC_IMPLICIT_RETAIN_SELF = YES;
				CLANG_WARN_OBJC_LITERAL_CONVERSION = YES;
				CLANG_WARN_OBJC_ROOT_CLASS = YES_ERROR;
				CLANG_WARN_QUOTED_INCLUDE_IN_FRAMEWORK_HEADER = YES;
				CLANG_WARN_RANGE_LOOP_ANALYSIS = YES;
				CLANG_WARN_STRICT_PROTOTYPES = YES;
				CLANG_WARN_SUSPICIOUS_MOVE = YES;
				CLANG_WARN_UNGUARDED_AVAILABILITY = YES_AGGRESSIVE;
				CLANG_WARN_UNREACHABLE_CODE = YES;
				CLANG_WARN__DUPLICATE_METHOD_MATCH = YES;
				COPY_PHASE_STRIP = NO;
				DEBUG_INFORMATION_FORMAT = "dwarf-with-dsym";
				ENABLE_NS_ASSERTIONS = NO;
				ENABLE_STRICT_OBJC_MSGSEND = YES;
				ENABLE_USER_SCRIPT_SANDBOXING = YES;
				GCC_C_LANGUAGE_STANDARD = gnu17;
				GCC_NO_COMMON_BLOCKS = YES;
				GCC_WARN_64_TO_32_BIT_CONVERSION = YES;
				GCC_WARN_ABOUT_RETURN_TYPE = YES_ERROR;
				GCC_WARN_UNDECLARED_SELECTOR = YES;
				GCC_WARN_UNINITIALIZED_AUTOS = YES_AGGRESSIVE;
				GCC_WARN_UNUSED_FUNCTION = YES;
				GCC_WARN_UNUSED_VARIABLE = YES;
				IPHONEOS_DEPLOYMENT_TARGET = 17.5;
				LOCALIZATION_PREFERS_STRING_CATALOGS = YES;
				MTL_ENABLE_DEBUG_INFO = NO;
				MTL_FAST_MATH = YES;
				SDKROOT = iphoneos;
				SWIFT_COMPILATION_MODE = wholemodule;
				VALIDATE_PRODUCT = YES;
			};
			name = Release;
		};
		561BAE132C7332C600C0991E /* Debug */ = {
			isa = XCBuildConfiguration;
			buildSettings = {
				ASSETCATALOG_COMPILER_APPICON_NAME = AppIcon;
				ASSETCATALOG_COMPILER_GLOBAL_ACCENT_COLOR_NAME = AccentColor;
				CODE_SIGN_STYLE = Automatic;
				CURRENT_PROJECT_VERSION = 1;
				DEVELOPMENT_ASSET_PATHS = "\"story_photo_edit/Preview Content\"";
				DEVELOPMENT_TEAM = ZHQ4442GZL;
				ENABLE_PREVIEWS = YES;
				GENERATE_INFOPLIST_FILE = YES;
				INFOPLIST_FILE = "story-photo-edit-Info.plist";
				INFOPLIST_KEY_NSCameraUsageDescription = test;
				INFOPLIST_KEY_NSMicrophoneUsageDescription = test;
				INFOPLIST_KEY_UIApplicationSceneManifest_Generation = YES;
				INFOPLIST_KEY_UIApplicationSupportsIndirectInputEvents = YES;
				INFOPLIST_KEY_UILaunchScreen_Generation = YES;
				INFOPLIST_KEY_UISupportedInterfaceOrientations_iPad = "UIInterfaceOrientationPortrait UIInterfaceOrientationPortraitUpsideDown UIInterfaceOrientationLandscapeLeft UIInterfaceOrientationLandscapeRight";
				INFOPLIST_KEY_UISupportedInterfaceOrientations_iPhone = "UIInterfaceOrientationPortrait UIInterfaceOrientationLandscapeLeft UIInterfaceOrientationLandscapeRight";
				LD_RUNPATH_SEARCH_PATHS = (
					"$(inherited)",
					"@executable_path/Frameworks",
				);
				MARKETING_VERSION = 1.0;
				PRODUCT_BUNDLE_IDENTIFIER = "com.aysemacam.story-photo-edit";
				PRODUCT_NAME = "$(TARGET_NAME)";
				SWIFT_EMIT_LOC_STRINGS = YES;
				SWIFT_VERSION = 5.0;
				TARGETED_DEVICE_FAMILY = "1,2";
			};
			name = Debug;
		};
		561BAE142C7332C600C0991E /* Release */ = {
			isa = XCBuildConfiguration;
			buildSettings = {
				ASSETCATALOG_COMPILER_APPICON_NAME = AppIcon;
				ASSETCATALOG_COMPILER_GLOBAL_ACCENT_COLOR_NAME = AccentColor;
				CODE_SIGN_STYLE = Automatic;
				CURRENT_PROJECT_VERSION = 1;
				DEVELOPMENT_ASSET_PATHS = "\"story_photo_edit/Preview Content\"";
				DEVELOPMENT_TEAM = ZHQ4442GZL;
				ENABLE_PREVIEWS = YES;
				GENERATE_INFOPLIST_FILE = YES;
				INFOPLIST_FILE = "story-photo-edit-Info.plist";
				INFOPLIST_KEY_NSCameraUsageDescription = test;
				INFOPLIST_KEY_NSMicrophoneUsageDescription = test;
				INFOPLIST_KEY_UIApplicationSceneManifest_Generation = YES;
				INFOPLIST_KEY_UIApplicationSupportsIndirectInputEvents = YES;
				INFOPLIST_KEY_UILaunchScreen_Generation = YES;
				INFOPLIST_KEY_UISupportedInterfaceOrientations_iPad = "UIInterfaceOrientationPortrait UIInterfaceOrientationPortraitUpsideDown UIInterfaceOrientationLandscapeLeft UIInterfaceOrientationLandscapeRight";
				INFOPLIST_KEY_UISupportedInterfaceOrientations_iPhone = "UIInterfaceOrientationPortrait UIInterfaceOrientationLandscapeLeft UIInterfaceOrientationLandscapeRight";
				LD_RUNPATH_SEARCH_PATHS = (
					"$(inherited)",
					"@executable_path/Frameworks",
				);
				MARKETING_VERSION = 1.0;
				PRODUCT_BUNDLE_IDENTIFIER = "com.aysemacam.story-photo-edit";
				PRODUCT_NAME = "$(TARGET_NAME)";
				SWIFT_EMIT_LOC_STRINGS = YES;
				SWIFT_VERSION = 5.0;
				TARGETED_DEVICE_FAMILY = "1,2";
			};
			name = Release;
		};
/* End XCBuildConfiguration section */

/* Begin XCConfigurationList section */
		561BADFF2C7332C400C0991E /* Build configuration list for PBXProject "story_photo_edit" */ = {
			isa = XCConfigurationList;
			buildConfigurations = (
				561BAE102C7332C600C0991E /* Debug */,
				561BAE112C7332C600C0991E /* Release */,
			);
			defaultConfigurationIsVisible = 0;
			defaultConfigurationName = Release;
		};
		561BAE122C7332C600C0991E /* Build configuration list for PBXNativeTarget "story_photo_edit" */ = {
			isa = XCConfigurationList;
			buildConfigurations = (
				561BAE132C7332C600C0991E /* Debug */,
				561BAE142C7332C600C0991E /* Release */,
			);
			defaultConfigurationIsVisible = 0;
			defaultConfigurationName = Release;
		};
/* End XCConfigurationList section */

/* Begin XCRemoteSwiftPackageReference section */
		564D72CA2C81B1C400EF71FC /* XCRemoteSwiftPackageReference "MetalPetal" */ = {
			isa = XCRemoteSwiftPackageReference;
			repositoryURL = "https://github.com/MetalPetal/MetalPetal.git";
			requirement = {
				kind = upToNextMajorVersion;
				minimumVersion = 1.25.2;
			};
		};
/* End XCRemoteSwiftPackageReference section */

/* Begin XCSwiftPackageProductDependency section */
		564D72CB2C81B1C400EF71FC /* MetalPetal */ = {
			isa = XCSwiftPackageProductDependency;
			package = 564D72CA2C81B1C400EF71FC /* XCRemoteSwiftPackageReference "MetalPetal" */;
			productName = MetalPetal;
		};
/* End XCSwiftPackageProductDependency section */
	};
	rootObject = 561BADFC2C7332C400C0991E /* Project object */;
}
